// !$*UTF8*$!
{
	archiveVersion = 1;
	classes = {
	};
	objectVersion = 46;
	objects = {

/* Begin PBXBuildFile section */
		552CDD1F17026493003CA4EB /* PacketMusicResponse.m in Sources */ = {isa = PBXBuildFile; fileRef = 552CDD1E17026493003CA4EB /* PacketMusicResponse.m */; };
		552CDD22170279BF003CA4EB /* PacketGameState.m in Sources */ = {isa = PBXBuildFile; fileRef = 552CDD21170279BF003CA4EB /* PacketGameState.m */; };
		558E14AB16F182480076F6FC /* PacketSignInResponse.m in Sources */ = {isa = PBXBuildFile; fileRef = 558E14AA16F182480076F6FC /* PacketSignInResponse.m */; };
		558E14B516F185600076F6FC /* bgGreyImg.png in Resources */ = {isa = PBXBuildFile; fileRef = 558E14B216F185600076F6FC /* bgGreyImg.png */; };
		558E14B616F185600076F6FC /* CenturyGothicStd-Bold.otf in Resources */ = {isa = PBXBuildFile; fileRef = 558E14B316F185600076F6FC /* CenturyGothicStd-Bold.otf */; };
		558E14B716F185600076F6FC /* CenturyGothicStd.otf in Resources */ = {isa = PBXBuildFile; fileRef = 558E14B416F185600076F6FC /* CenturyGothicStd.otf */; };
		5590968B16FF5ED4004149A0 /* MusicUpload.m in Sources */ = {isa = PBXBuildFile; fileRef = 5590968A16FF5ED4004149A0 /* MusicUpload.m */; };
		5590968D16FF63C5004149A0 /* CFNetwork.framework in Frameworks */ = {isa = PBXBuildFile; fileRef = 5590968C16FF63C5004149A0 /* CFNetwork.framework */; };
		5590968E16FF64A5004149A0 /* MobileCoreServices.framework in Frameworks */ = {isa = PBXBuildFile; fileRef = 5596E0D816F692D300511D3E /* MobileCoreServices.framework */; };
		5590969016FF6553004149A0 /* SystemConfiguration.framework in Frameworks */ = {isa = PBXBuildFile; fileRef = 5590968F16FF6553004149A0 /* SystemConfiguration.framework */; };
		559096BF16FFB3DE004149A0 /* AFHTTPClient.m in Sources */ = {isa = PBXBuildFile; fileRef = 559096AD16FFB3DE004149A0 /* AFHTTPClient.m */; };
		559096C016FFB3DE004149A0 /* AFHTTPRequestOperation.m in Sources */ = {isa = PBXBuildFile; fileRef = 559096AF16FFB3DE004149A0 /* AFHTTPRequestOperation.m */; };
		559096C116FFB3DE004149A0 /* AFImageRequestOperation.m in Sources */ = {isa = PBXBuildFile; fileRef = 559096B116FFB3DE004149A0 /* AFImageRequestOperation.m */; };
		559096C216FFB3DE004149A0 /* AFJSONRequestOperation.m in Sources */ = {isa = PBXBuildFile; fileRef = 559096B316FFB3DE004149A0 /* AFJSONRequestOperation.m */; };
		559096C316FFB3DE004149A0 /* AFNetworkActivityIndicatorManager.m in Sources */ = {isa = PBXBuildFile; fileRef = 559096B516FFB3DE004149A0 /* AFNetworkActivityIndicatorManager.m */; };
		559096C416FFB3DE004149A0 /* AFPropertyListRequestOperation.m in Sources */ = {isa = PBXBuildFile; fileRef = 559096B816FFB3DE004149A0 /* AFPropertyListRequestOperation.m */; };
		559096C516FFB3DE004149A0 /* AFURLConnectionOperation.m in Sources */ = {isa = PBXBuildFile; fileRef = 559096BA16FFB3DE004149A0 /* AFURLConnectionOperation.m */; };
		559096C616FFB3DE004149A0 /* AFXMLRequestOperation.m in Sources */ = {isa = PBXBuildFile; fileRef = 559096BC16FFB3DE004149A0 /* AFXMLRequestOperation.m */; };
		559096C716FFB3DE004149A0 /* UIImageView+AFNetworking.m in Sources */ = {isa = PBXBuildFile; fileRef = 559096BE16FFB3DE004149A0 /* UIImageView+AFNetworking.m */; };
		559096CA16FFE28A004149A0 /* MusicDownload.m in Sources */ = {isa = PBXBuildFile; fileRef = 559096C916FFE28A004149A0 /* MusicDownload.m */; };
		559096CD16FFE70C004149A0 /* PacketMusic.m in Sources */ = {isa = PBXBuildFile; fileRef = 559096CC16FFE70C004149A0 /* PacketMusic.m */; };
		559096D01700038F004149A0 /* PlaylistItem.m in Sources */ = {isa = PBXBuildFile; fileRef = 559096CF1700038F004149A0 /* PlaylistItem.m */; };
		559096D3170006AB004149A0 /* MusicItem.m in Sources */ = {isa = PBXBuildFile; fileRef = 559096D2170006AB004149A0 /* MusicItem.m */; };
		5592FEFD1700D65B0038ED40 /* CoreAudio.framework in Frameworks */ = {isa = PBXBuildFile; fileRef = 5592FEFC1700D65B0038ED40 /* CoreAudio.framework */; };
		5596E08C16F62FB600511D3E /* PacketOtherClientQuit.m in Sources */ = {isa = PBXBuildFile; fileRef = 5596E08B16F62FB600511D3E /* PacketOtherClientQuit.m */; };
		5596E0C916F6746900511D3E /* MediaPlayer.framework in Frameworks */ = {isa = PBXBuildFile; fileRef = 5596E0C816F6746900511D3E /* MediaPlayer.framework */; };
		5596E0D716F692CE00511D3E /* AudioToolbox.framework in Frameworks */ = {isa = PBXBuildFile; fileRef = 5596E0D616F692CE00511D3E /* AudioToolbox.framework */; };
		5596E0DB16F6930700511D3E /* CoreMedia.framework in Frameworks */ = {isa = PBXBuildFile; fileRef = 5596E0DA16F6930600511D3E /* CoreMedia.framework */; };
		55A31C0417017B6F00A1FFC8 /* PacketPlayMusicNow.m in Sources */ = {isa = PBXBuildFile; fileRef = 55A31C0317017B6F00A1FFC8 /* PacketPlayMusicNow.m */; };
		55FCC54D16ED3D4C0000BCBD /* UIKit.framework in Frameworks */ = {isa = PBXBuildFile; fileRef = 55FCC54C16ED3D4C0000BCBD /* UIKit.framework */; };
		55FCC54F16ED3D4C0000BCBD /* Foundation.framework in Frameworks */ = {isa = PBXBuildFile; fileRef = 55FCC54E16ED3D4C0000BCBD /* Foundation.framework */; };
		55FCC55116ED3D4C0000BCBD /* CoreGraphics.framework in Frameworks */ = {isa = PBXBuildFile; fileRef = 55FCC55016ED3D4C0000BCBD /* CoreGraphics.framework */; };
		55FCC55716ED3D4C0000BCBD /* InfoPlist.strings in Resources */ = {isa = PBXBuildFile; fileRef = 55FCC55516ED3D4C0000BCBD /* InfoPlist.strings */; };
		55FCC55916ED3D4C0000BCBD /* main.m in Sources */ = {isa = PBXBuildFile; fileRef = 55FCC55816ED3D4C0000BCBD /* main.m */; };
		55FCC55D16ED3D4C0000BCBD /* AppDelegate.m in Sources */ = {isa = PBXBuildFile; fileRef = 55FCC55C16ED3D4C0000BCBD /* AppDelegate.m */; };
		55FCC55F16ED3D4C0000BCBD /* Default.png in Resources */ = {isa = PBXBuildFile; fileRef = 55FCC55E16ED3D4C0000BCBD /* Default.png */; };
		55FCC56116ED3D4C0000BCBD /* Default@2x.png in Resources */ = {isa = PBXBuildFile; fileRef = 55FCC56016ED3D4C0000BCBD /* Default@2x.png */; };
		55FCC56316ED3D4C0000BCBD /* Default-568h@2x.png in Resources */ = {isa = PBXBuildFile; fileRef = 55FCC56216ED3D4C0000BCBD /* Default-568h@2x.png */; };
		55FCC56616ED3D4C0000BCBD /* MainStoryboard_iPhone.storyboard in Resources */ = {isa = PBXBuildFile; fileRef = 55FCC56416ED3D4C0000BCBD /* MainStoryboard_iPhone.storyboard */; };
		55FCC56916ED3D4C0000BCBD /* MainStoryboard_iPad.storyboard in Resources */ = {isa = PBXBuildFile; fileRef = 55FCC56716ED3D4C0000BCBD /* MainStoryboard_iPad.storyboard */; };
		55FCC57316ED3D860000BCBD /* AVFoundation.framework in Frameworks */ = {isa = PBXBuildFile; fileRef = 55FCC57216ED3D860000BCBD /* AVFoundation.framework */; };
		55FCC57516ED3D8C0000BCBD /* GameKit.framework in Frameworks */ = {isa = PBXBuildFile; fileRef = 55FCC57416ED3D8C0000BCBD /* GameKit.framework */; };
		55FCC57816ED3DA20000BCBD /* MainViewController.m in Sources */ = {isa = PBXBuildFile; fileRef = 55FCC57716ED3DA20000BCBD /* MainViewController.m */; };
		55FCC5B316ED3E0D0000BCBD /* MatchmakingServer.m in Sources */ = {isa = PBXBuildFile; fileRef = 55FCC5B216ED3E0D0000BCBD /* MatchmakingServer.m */; };
		55FCC5B616ED3E360000BCBD /* MatchmakingClient.m in Sources */ = {isa = PBXBuildFile; fileRef = 55FCC5B516ED3E360000BCBD /* MatchmakingClient.m */; };
		55FCC5BB16ED60460000BCBD /* GameViewController.m in Sources */ = {isa = PBXBuildFile; fileRef = 55FCC5BA16ED60460000BCBD /* GameViewController.m */; };
		55FCC5BE16ED62640000BCBD /* Game.m in Sources */ = {isa = PBXBuildFile; fileRef = 55FCC5BD16ED62640000BCBD /* Game.m */; };
		55FCC5C216ED78E80000BCBD /* Player.m in Sources */ = {isa = PBXBuildFile; fileRef = 55FCC5C116ED78E80000BCBD /* Player.m */; };
		55FCC5C516ED79C70000BCBD /* Packet.m in Sources */ = {isa = PBXBuildFile; fileRef = 55FCC5C416ED79C70000BCBD /* Packet.m */; };
		55FCC5C816ED7A5E0000BCBD /* NSData+AirShareAdditions.m in Sources */ = {isa = PBXBuildFile; fileRef = 55FCC5C716ED7A5E0000BCBD /* NSData+AirShareAdditions.m */; };
		89B257DF16F140D30018695A /* QuartzCore.framework in Frameworks */ = {isa = PBXBuildFile; fileRef = 89B257DE16F140D30018695A /* QuartzCore.framework */; };
/* End PBXBuildFile section */

/* Begin PBXFileReference section */
		552CDD1D17026493003CA4EB /* PacketMusicResponse.h */ = {isa = PBXFileReference; fileEncoding = 4; lastKnownFileType = sourcecode.c.h; path = PacketMusicResponse.h; sourceTree = "<group>"; };
		552CDD1E17026493003CA4EB /* PacketMusicResponse.m */ = {isa = PBXFileReference; fileEncoding = 4; lastKnownFileType = sourcecode.c.objc; path = PacketMusicResponse.m; sourceTree = "<group>"; };
		552CDD20170279BF003CA4EB /* PacketGameState.h */ = {isa = PBXFileReference; fileEncoding = 4; lastKnownFileType = sourcecode.c.h; path = PacketGameState.h; sourceTree = "<group>"; };
		552CDD21170279BF003CA4EB /* PacketGameState.m */ = {isa = PBXFileReference; fileEncoding = 4; lastKnownFileType = sourcecode.c.objc; path = PacketGameState.m; sourceTree = "<group>"; };
		558E14A916F182480076F6FC /* PacketSignInResponse.h */ = {isa = PBXFileReference; fileEncoding = 4; lastKnownFileType = sourcecode.c.h; path = PacketSignInResponse.h; sourceTree = "<group>"; };
		558E14AA16F182480076F6FC /* PacketSignInResponse.m */ = {isa = PBXFileReference; fileEncoding = 4; lastKnownFileType = sourcecode.c.objc; path = PacketSignInResponse.m; sourceTree = "<group>"; };
		558E14B216F185600076F6FC /* bgGreyImg.png */ = {isa = PBXFileReference; lastKnownFileType = image.png; path = bgGreyImg.png; sourceTree = "<group>"; };
		558E14B316F185600076F6FC /* CenturyGothicStd-Bold.otf */ = {isa = PBXFileReference; lastKnownFileType = file; path = "CenturyGothicStd-Bold.otf"; sourceTree = "<group>"; };
		558E14B416F185600076F6FC /* CenturyGothicStd.otf */ = {isa = PBXFileReference; lastKnownFileType = file; path = CenturyGothicStd.otf; sourceTree = "<group>"; };
		5590968916FF5ED4004149A0 /* MusicUpload.h */ = {isa = PBXFileReference; fileEncoding = 4; lastKnownFileType = sourcecode.c.h; path = MusicUpload.h; sourceTree = "<group>"; };
		5590968A16FF5ED4004149A0 /* MusicUpload.m */ = {isa = PBXFileReference; fileEncoding = 4; lastKnownFileType = sourcecode.c.objc; path = MusicUpload.m; sourceTree = "<group>"; };
		5590968C16FF63C5004149A0 /* CFNetwork.framework */ = {isa = PBXFileReference; lastKnownFileType = wrapper.framework; name = CFNetwork.framework; path = System/Library/Frameworks/CFNetwork.framework; sourceTree = SDKROOT; };
		5590968F16FF6553004149A0 /* SystemConfiguration.framework */ = {isa = PBXFileReference; lastKnownFileType = wrapper.framework; name = SystemConfiguration.framework; path = System/Library/Frameworks/SystemConfiguration.framework; sourceTree = SDKROOT; };
		559096AC16FFB3DE004149A0 /* AFHTTPClient.h */ = {isa = PBXFileReference; fileEncoding = 4; lastKnownFileType = sourcecode.c.h; path = AFHTTPClient.h; sourceTree = "<group>"; };
		559096AD16FFB3DE004149A0 /* AFHTTPClient.m */ = {isa = PBXFileReference; fileEncoding = 4; lastKnownFileType = sourcecode.c.objc; path = AFHTTPClient.m; sourceTree = "<group>"; };
		559096AE16FFB3DE004149A0 /* AFHTTPRequestOperation.h */ = {isa = PBXFileReference; fileEncoding = 4; lastKnownFileType = sourcecode.c.h; path = AFHTTPRequestOperation.h; sourceTree = "<group>"; };
		559096AF16FFB3DE004149A0 /* AFHTTPRequestOperation.m */ = {isa = PBXFileReference; fileEncoding = 4; lastKnownFileType = sourcecode.c.objc; path = AFHTTPRequestOperation.m; sourceTree = "<group>"; };
		559096B016FFB3DE004149A0 /* AFImageRequestOperation.h */ = {isa = PBXFileReference; fileEncoding = 4; lastKnownFileType = sourcecode.c.h; path = AFImageRequestOperation.h; sourceTree = "<group>"; };
		559096B116FFB3DE004149A0 /* AFImageRequestOperation.m */ = {isa = PBXFileReference; fileEncoding = 4; lastKnownFileType = sourcecode.c.objc; path = AFImageRequestOperation.m; sourceTree = "<group>"; };
		559096B216FFB3DE004149A0 /* AFJSONRequestOperation.h */ = {isa = PBXFileReference; fileEncoding = 4; lastKnownFileType = sourcecode.c.h; path = AFJSONRequestOperation.h; sourceTree = "<group>"; };
		559096B316FFB3DE004149A0 /* AFJSONRequestOperation.m */ = {isa = PBXFileReference; fileEncoding = 4; lastKnownFileType = sourcecode.c.objc; path = AFJSONRequestOperation.m; sourceTree = "<group>"; };
		559096B416FFB3DE004149A0 /* AFNetworkActivityIndicatorManager.h */ = {isa = PBXFileReference; fileEncoding = 4; lastKnownFileType = sourcecode.c.h; path = AFNetworkActivityIndicatorManager.h; sourceTree = "<group>"; };
		559096B516FFB3DE004149A0 /* AFNetworkActivityIndicatorManager.m */ = {isa = PBXFileReference; fileEncoding = 4; lastKnownFileType = sourcecode.c.objc; path = AFNetworkActivityIndicatorManager.m; sourceTree = "<group>"; };
		559096B616FFB3DE004149A0 /* AFNetworking.h */ = {isa = PBXFileReference; fileEncoding = 4; lastKnownFileType = sourcecode.c.h; path = AFNetworking.h; sourceTree = "<group>"; };
		559096B716FFB3DE004149A0 /* AFPropertyListRequestOperation.h */ = {isa = PBXFileReference; fileEncoding = 4; lastKnownFileType = sourcecode.c.h; path = AFPropertyListRequestOperation.h; sourceTree = "<group>"; };
		559096B816FFB3DE004149A0 /* AFPropertyListRequestOperation.m */ = {isa = PBXFileReference; fileEncoding = 4; lastKnownFileType = sourcecode.c.objc; path = AFPropertyListRequestOperation.m; sourceTree = "<group>"; };
		559096B916FFB3DE004149A0 /* AFURLConnectionOperation.h */ = {isa = PBXFileReference; fileEncoding = 4; lastKnownFileType = sourcecode.c.h; path = AFURLConnectionOperation.h; sourceTree = "<group>"; };
		559096BA16FFB3DE004149A0 /* AFURLConnectionOperation.m */ = {isa = PBXFileReference; fileEncoding = 4; lastKnownFileType = sourcecode.c.objc; path = AFURLConnectionOperation.m; sourceTree = "<group>"; };
		559096BB16FFB3DE004149A0 /* AFXMLRequestOperation.h */ = {isa = PBXFileReference; fileEncoding = 4; lastKnownFileType = sourcecode.c.h; path = AFXMLRequestOperation.h; sourceTree = "<group>"; };
		559096BC16FFB3DE004149A0 /* AFXMLRequestOperation.m */ = {isa = PBXFileReference; fileEncoding = 4; lastKnownFileType = sourcecode.c.objc; path = AFXMLRequestOperation.m; sourceTree = "<group>"; };
		559096BD16FFB3DE004149A0 /* UIImageView+AFNetworking.h */ = {isa = PBXFileReference; fileEncoding = 4; lastKnownFileType = sourcecode.c.h; path = "UIImageView+AFNetworking.h"; sourceTree = "<group>"; };
		559096BE16FFB3DE004149A0 /* UIImageView+AFNetworking.m */ = {isa = PBXFileReference; fileEncoding = 4; lastKnownFileType = sourcecode.c.objc; path = "UIImageView+AFNetworking.m"; sourceTree = "<group>"; };
		559096C816FFE28A004149A0 /* MusicDownload.h */ = {isa = PBXFileReference; fileEncoding = 4; lastKnownFileType = sourcecode.c.h; name = MusicDownload.h; path = AirShare2/MusicDownload.h; sourceTree = "<group>"; };
		559096C916FFE28A004149A0 /* MusicDownload.m */ = {isa = PBXFileReference; fileEncoding = 4; lastKnownFileType = sourcecode.c.objc; name = MusicDownload.m; path = AirShare2/MusicDownload.m; sourceTree = "<group>"; };
		559096CB16FFE70C004149A0 /* PacketMusic.h */ = {isa = PBXFileReference; fileEncoding = 4; lastKnownFileType = sourcecode.c.h; path = PacketMusic.h; sourceTree = "<group>"; };
		559096CC16FFE70C004149A0 /* PacketMusic.m */ = {isa = PBXFileReference; fileEncoding = 4; lastKnownFileType = sourcecode.c.objc; path = PacketMusic.m; sourceTree = "<group>"; };
		559096CE1700038F004149A0 /* PlaylistItem.h */ = {isa = PBXFileReference; fileEncoding = 4; lastKnownFileType = sourcecode.c.h; path = PlaylistItem.h; sourceTree = "<group>"; };
		559096CF1700038F004149A0 /* PlaylistItem.m */ = {isa = PBXFileReference; fileEncoding = 4; lastKnownFileType = sourcecode.c.objc; path = PlaylistItem.m; sourceTree = "<group>"; };
		559096D1170006AB004149A0 /* MusicItem.h */ = {isa = PBXFileReference; fileEncoding = 4; lastKnownFileType = sourcecode.c.h; path = MusicItem.h; sourceTree = "<group>"; };
		559096D2170006AB004149A0 /* MusicItem.m */ = {isa = PBXFileReference; fileEncoding = 4; lastKnownFileType = sourcecode.c.objc; path = MusicItem.m; sourceTree = "<group>"; };
		5592FEFC1700D65B0038ED40 /* CoreAudio.framework */ = {isa = PBXFileReference; lastKnownFileType = wrapper.framework; name = CoreAudio.framework; path = System/Library/Frameworks/CoreAudio.framework; sourceTree = SDKROOT; };
		5596E08A16F62FB600511D3E /* PacketOtherClientQuit.h */ = {isa = PBXFileReference; fileEncoding = 4; lastKnownFileType = sourcecode.c.h; path = PacketOtherClientQuit.h; sourceTree = "<group>"; };
		5596E08B16F62FB600511D3E /* PacketOtherClientQuit.m */ = {isa = PBXFileReference; fileEncoding = 4; lastKnownFileType = sourcecode.c.objc; path = PacketOtherClientQuit.m; sourceTree = "<group>"; };
		5596E0C816F6746900511D3E /* MediaPlayer.framework */ = {isa = PBXFileReference; lastKnownFileType = wrapper.framework; name = MediaPlayer.framework; path = System/Library/Frameworks/MediaPlayer.framework; sourceTree = SDKROOT; };
		5596E0D616F692CE00511D3E /* AudioToolbox.framework */ = {isa = PBXFileReference; lastKnownFileType = wrapper.framework; name = AudioToolbox.framework; path = System/Library/Frameworks/AudioToolbox.framework; sourceTree = SDKROOT; };
		5596E0D816F692D300511D3E /* MobileCoreServices.framework */ = {isa = PBXFileReference; lastKnownFileType = wrapper.framework; name = MobileCoreServices.framework; path = System/Library/Frameworks/MobileCoreServices.framework; sourceTree = SDKROOT; };
		5596E0DA16F6930600511D3E /* CoreMedia.framework */ = {isa = PBXFileReference; lastKnownFileType = wrapper.framework; name = CoreMedia.framework; path = System/Library/Frameworks/CoreMedia.framework; sourceTree = SDKROOT; };
		55A31C0217017B6F00A1FFC8 /* PacketPlayMusicNow.h */ = {isa = PBXFileReference; fileEncoding = 4; lastKnownFileType = sourcecode.c.h; path = PacketPlayMusicNow.h; sourceTree = "<group>"; };
		55A31C0317017B6F00A1FFC8 /* PacketPlayMusicNow.m */ = {isa = PBXFileReference; fileEncoding = 4; lastKnownFileType = sourcecode.c.objc; path = PacketPlayMusicNow.m; sourceTree = "<group>"; };
		55FCC54916ED3D4C0000BCBD /* AirShare2.app */ = {isa = PBXFileReference; explicitFileType = wrapper.application; includeInIndex = 0; path = AirShare2.app; sourceTree = BUILT_PRODUCTS_DIR; };
		55FCC54C16ED3D4C0000BCBD /* UIKit.framework */ = {isa = PBXFileReference; lastKnownFileType = wrapper.framework; name = UIKit.framework; path = System/Library/Frameworks/UIKit.framework; sourceTree = SDKROOT; };
		55FCC54E16ED3D4C0000BCBD /* Foundation.framework */ = {isa = PBXFileReference; lastKnownFileType = wrapper.framework; name = Foundation.framework; path = System/Library/Frameworks/Foundation.framework; sourceTree = SDKROOT; };
		55FCC55016ED3D4C0000BCBD /* CoreGraphics.framework */ = {isa = PBXFileReference; lastKnownFileType = wrapper.framework; name = CoreGraphics.framework; path = System/Library/Frameworks/CoreGraphics.framework; sourceTree = SDKROOT; };
		55FCC55416ED3D4C0000BCBD /* AirShare2-Info.plist */ = {isa = PBXFileReference; lastKnownFileType = text.plist.xml; path = "AirShare2-Info.plist"; sourceTree = "<group>"; };
		55FCC55616ED3D4C0000BCBD /* en */ = {isa = PBXFileReference; lastKnownFileType = text.plist.strings; name = en; path = en.lproj/InfoPlist.strings; sourceTree = "<group>"; };
		55FCC55816ED3D4C0000BCBD /* main.m */ = {isa = PBXFileReference; lastKnownFileType = sourcecode.c.objc; path = main.m; sourceTree = "<group>"; };
		55FCC55A16ED3D4C0000BCBD /* AirShare2-Prefix.pch */ = {isa = PBXFileReference; lastKnownFileType = sourcecode.c.h; path = "AirShare2-Prefix.pch"; sourceTree = "<group>"; };
		55FCC55B16ED3D4C0000BCBD /* AppDelegate.h */ = {isa = PBXFileReference; lastKnownFileType = sourcecode.c.h; path = AppDelegate.h; sourceTree = "<group>"; };
		55FCC55C16ED3D4C0000BCBD /* AppDelegate.m */ = {isa = PBXFileReference; lastKnownFileType = sourcecode.c.objc; path = AppDelegate.m; sourceTree = "<group>"; };
		55FCC55E16ED3D4C0000BCBD /* Default.png */ = {isa = PBXFileReference; lastKnownFileType = image.png; path = Default.png; sourceTree = "<group>"; };
		55FCC56016ED3D4C0000BCBD /* Default@2x.png */ = {isa = PBXFileReference; lastKnownFileType = image.png; path = "Default@2x.png"; sourceTree = "<group>"; };
		55FCC56216ED3D4C0000BCBD /* Default-568h@2x.png */ = {isa = PBXFileReference; lastKnownFileType = image.png; path = "Default-568h@2x.png"; sourceTree = "<group>"; };
		55FCC56516ED3D4C0000BCBD /* en */ = {isa = PBXFileReference; lastKnownFileType = file.storyboard; name = en; path = en.lproj/MainStoryboard_iPhone.storyboard; sourceTree = "<group>"; };
		55FCC56816ED3D4C0000BCBD /* en */ = {isa = PBXFileReference; lastKnownFileType = file.storyboard; name = en; path = en.lproj/MainStoryboard_iPad.storyboard; sourceTree = "<group>"; };
		55FCC57216ED3D860000BCBD /* AVFoundation.framework */ = {isa = PBXFileReference; lastKnownFileType = wrapper.framework; name = AVFoundation.framework; path = System/Library/Frameworks/AVFoundation.framework; sourceTree = SDKROOT; };
		55FCC57416ED3D8C0000BCBD /* GameKit.framework */ = {isa = PBXFileReference; lastKnownFileType = wrapper.framework; name = GameKit.framework; path = System/Library/Frameworks/GameKit.framework; sourceTree = SDKROOT; };
		55FCC57616ED3DA20000BCBD /* MainViewController.h */ = {isa = PBXFileReference; fileEncoding = 4; lastKnownFileType = sourcecode.c.h; path = MainViewController.h; sourceTree = "<group>"; };
		55FCC57716ED3DA20000BCBD /* MainViewController.m */ = {isa = PBXFileReference; fileEncoding = 4; lastKnownFileType = sourcecode.c.objc; path = MainViewController.m; sourceTree = "<group>"; };
		55FCC5B116ED3E0C0000BCBD /* MatchmakingServer.h */ = {isa = PBXFileReference; fileEncoding = 4; lastKnownFileType = sourcecode.c.h; path = MatchmakingServer.h; sourceTree = "<group>"; };
		55FCC5B216ED3E0D0000BCBD /* MatchmakingServer.m */ = {isa = PBXFileReference; fileEncoding = 4; lastKnownFileType = sourcecode.c.objc; path = MatchmakingServer.m; sourceTree = "<group>"; };
		55FCC5B416ED3E360000BCBD /* MatchmakingClient.h */ = {isa = PBXFileReference; fileEncoding = 4; lastKnownFileType = sourcecode.c.h; path = MatchmakingClient.h; sourceTree = "<group>"; };
		55FCC5B516ED3E360000BCBD /* MatchmakingClient.m */ = {isa = PBXFileReference; fileEncoding = 4; lastKnownFileType = sourcecode.c.objc; path = MatchmakingClient.m; sourceTree = "<group>"; };
		55FCC5B916ED60460000BCBD /* GameViewController.h */ = {isa = PBXFileReference; fileEncoding = 4; lastKnownFileType = sourcecode.c.h; path = GameViewController.h; sourceTree = "<group>"; };
		55FCC5BA16ED60460000BCBD /* GameViewController.m */ = {isa = PBXFileReference; fileEncoding = 4; lastKnownFileType = sourcecode.c.objc; path = GameViewController.m; sourceTree = "<group>"; };
		55FCC5BC16ED62640000BCBD /* Game.h */ = {isa = PBXFileReference; fileEncoding = 4; lastKnownFileType = sourcecode.c.h; path = Game.h; sourceTree = "<group>"; };
		55FCC5BD16ED62640000BCBD /* Game.m */ = {isa = PBXFileReference; fileEncoding = 4; lastKnownFileType = sourcecode.c.objc; path = Game.m; sourceTree = "<group>"; };
		55FCC5C016ED78E80000BCBD /* Player.h */ = {isa = PBXFileReference; fileEncoding = 4; lastKnownFileType = sourcecode.c.h; path = Player.h; sourceTree = "<group>"; };
		55FCC5C116ED78E80000BCBD /* Player.m */ = {isa = PBXFileReference; fileEncoding = 4; lastKnownFileType = sourcecode.c.objc; path = Player.m; sourceTree = "<group>"; };
		55FCC5C316ED79C70000BCBD /* Packet.h */ = {isa = PBXFileReference; fileEncoding = 4; lastKnownFileType = sourcecode.c.h; path = Packet.h; sourceTree = "<group>"; };
		55FCC5C416ED79C70000BCBD /* Packet.m */ = {isa = PBXFileReference; fileEncoding = 4; lastKnownFileType = sourcecode.c.objc; path = Packet.m; sourceTree = "<group>"; };
		55FCC5C616ED7A5E0000BCBD /* NSData+AirShareAdditions.h */ = {isa = PBXFileReference; fileEncoding = 4; lastKnownFileType = sourcecode.c.h; path = "NSData+AirShareAdditions.h"; sourceTree = "<group>"; };
		55FCC5C716ED7A5E0000BCBD /* NSData+AirShareAdditions.m */ = {isa = PBXFileReference; fileEncoding = 4; lastKnownFileType = sourcecode.c.objc; path = "NSData+AirShareAdditions.m"; sourceTree = "<group>"; };
		89B257DE16F140D30018695A /* QuartzCore.framework */ = {isa = PBXFileReference; lastKnownFileType = wrapper.framework; name = QuartzCore.framework; path = System/Library/Frameworks/QuartzCore.framework; sourceTree = SDKROOT; };
/* End PBXFileReference section */

/* Begin PBXFrameworksBuildPhase section */
		55FCC54616ED3D4C0000BCBD /* Frameworks */ = {
			isa = PBXFrameworksBuildPhase;
			buildActionMask = 2147483647;
			files = (
				5592FEFD1700D65B0038ED40 /* CoreAudio.framework in Frameworks */,
				5590969016FF6553004149A0 /* SystemConfiguration.framework in Frameworks */,
				5590968E16FF64A5004149A0 /* MobileCoreServices.framework in Frameworks */,
				5590968D16FF63C5004149A0 /* CFNetwork.framework in Frameworks */,
				5596E0DB16F6930700511D3E /* CoreMedia.framework in Frameworks */,
				5596E0D716F692CE00511D3E /* AudioToolbox.framework in Frameworks */,
				5596E0C916F6746900511D3E /* MediaPlayer.framework in Frameworks */,
				89B257DF16F140D30018695A /* QuartzCore.framework in Frameworks */,
				55FCC57516ED3D8C0000BCBD /* GameKit.framework in Frameworks */,
				55FCC57316ED3D860000BCBD /* AVFoundation.framework in Frameworks */,
				55FCC54D16ED3D4C0000BCBD /* UIKit.framework in Frameworks */,
				55FCC54F16ED3D4C0000BCBD /* Foundation.framework in Frameworks */,
				55FCC55116ED3D4C0000BCBD /* CoreGraphics.framework in Frameworks */,
			);
			runOnlyForDeploymentPostprocessing = 0;
		};
/* End PBXFrameworksBuildPhase section */

/* Begin PBXGroup section */
		558E14B816F185780076F6FC /* Fonts */ = {
			isa = PBXGroup;
			children = (
				558E14B316F185600076F6FC /* CenturyGothicStd-Bold.otf */,
				558E14B416F185600076F6FC /* CenturyGothicStd.otf */,
			);
			name = Fonts;
			sourceTree = "<group>";
		};
		558E14B916F185860076F6FC /* Images */ = {
			isa = PBXGroup;
			children = (
				558E14B216F185600076F6FC /* bgGreyImg.png */,
			);
			name = Images;
			sourceTree = "<group>";
		};
		5590968816FF5E9B004149A0 /* AFNetworking */ = {
			isa = PBXGroup;
			children = (
				559096AC16FFB3DE004149A0 /* AFHTTPClient.h */,
				559096AD16FFB3DE004149A0 /* AFHTTPClient.m */,
				559096AE16FFB3DE004149A0 /* AFHTTPRequestOperation.h */,
				559096AF16FFB3DE004149A0 /* AFHTTPRequestOperation.m */,
				559096B016FFB3DE004149A0 /* AFImageRequestOperation.h */,
				559096B116FFB3DE004149A0 /* AFImageRequestOperation.m */,
				559096B216FFB3DE004149A0 /* AFJSONRequestOperation.h */,
				559096B316FFB3DE004149A0 /* AFJSONRequestOperation.m */,
				559096B416FFB3DE004149A0 /* AFNetworkActivityIndicatorManager.h */,
				559096B516FFB3DE004149A0 /* AFNetworkActivityIndicatorManager.m */,
				559096B616FFB3DE004149A0 /* AFNetworking.h */,
				559096B716FFB3DE004149A0 /* AFPropertyListRequestOperation.h */,
				559096B816FFB3DE004149A0 /* AFPropertyListRequestOperation.m */,
				559096B916FFB3DE004149A0 /* AFURLConnectionOperation.h */,
				559096BA16FFB3DE004149A0 /* AFURLConnectionOperation.m */,
				559096BB16FFB3DE004149A0 /* AFXMLRequestOperation.h */,
				559096BC16FFB3DE004149A0 /* AFXMLRequestOperation.m */,
				559096BD16FFB3DE004149A0 /* UIImageView+AFNetworking.h */,
				559096BE16FFB3DE004149A0 /* UIImageView+AFNetworking.m */,
			);
			name = AFNetworking;
			sourceTree = "<group>";
		};
		55FCC54016ED3D4C0000BCBD = {
			isa = PBXGroup;
			children = (
				5590968816FF5E9B004149A0 /* AFNetworking */,
				55FCC5C916ED7A620000BCBD /* AirShareAdditions */,
				55FCC5BF16ED62680000BCBD /* DataModel */,
				55FCC5B816ED3E6E0000BCBD /* Networking */,
				55FCC5B716ED3E5A0000BCBD /* ViewControllers */,
				55FCC55216ED3D4C0000BCBD /* AirShare2 */,
				55FCC54B16ED3D4C0000BCBD /* Frameworks */,
				55FCC54A16ED3D4C0000BCBD /* Products */,
			);
			sourceTree = "<group>";
		};
		55FCC54A16ED3D4C0000BCBD /* Products */ = {
			isa = PBXGroup;
			children = (
				55FCC54916ED3D4C0000BCBD /* AirShare2.app */,
			);
			name = Products;
			sourceTree = "<group>";
		};
		55FCC54B16ED3D4C0000BCBD /* Frameworks */ = {
			isa = PBXGroup;
			children = (
				5592FEFC1700D65B0038ED40 /* CoreAudio.framework */,
				5590968F16FF6553004149A0 /* SystemConfiguration.framework */,
				5590968C16FF63C5004149A0 /* CFNetwork.framework */,
				5596E0DA16F6930600511D3E /* CoreMedia.framework */,
				5596E0D816F692D300511D3E /* MobileCoreServices.framework */,
				5596E0D616F692CE00511D3E /* AudioToolbox.framework */,
				5596E0C816F6746900511D3E /* MediaPlayer.framework */,
				89B257DE16F140D30018695A /* QuartzCore.framework */,
				55FCC57416ED3D8C0000BCBD /* GameKit.framework */,
				55FCC57216ED3D860000BCBD /* AVFoundation.framework */,
				55FCC54C16ED3D4C0000BCBD /* UIKit.framework */,
				55FCC54E16ED3D4C0000BCBD /* Foundation.framework */,
				55FCC55016ED3D4C0000BCBD /* CoreGraphics.framework */,
			);
			name = Frameworks;
			sourceTree = "<group>";
		};
		55FCC55216ED3D4C0000BCBD /* AirShare2 */ = {
			isa = PBXGroup;
			children = (
				55FCC55B16ED3D4C0000BCBD /* AppDelegate.h */,
				55FCC55C16ED3D4C0000BCBD /* AppDelegate.m */,
				55FCC56416ED3D4C0000BCBD /* MainStoryboard_iPhone.storyboard */,
				55FCC56716ED3D4C0000BCBD /* MainStoryboard_iPad.storyboard */,
				55FCC55316ED3D4C0000BCBD /* Supporting Files */,
			);
			path = AirShare2;
			sourceTree = "<group>";
		};
		55FCC55316ED3D4C0000BCBD /* Supporting Files */ = {
			isa = PBXGroup;
			children = (
				558E14B916F185860076F6FC /* Images */,
				558E14B816F185780076F6FC /* Fonts */,
				55FCC55416ED3D4C0000BCBD /* AirShare2-Info.plist */,
				55FCC55516ED3D4C0000BCBD /* InfoPlist.strings */,
				55FCC55816ED3D4C0000BCBD /* main.m */,
				55FCC55A16ED3D4C0000BCBD /* AirShare2-Prefix.pch */,
				55FCC55E16ED3D4C0000BCBD /* Default.png */,
				55FCC56016ED3D4C0000BCBD /* Default@2x.png */,
				55FCC56216ED3D4C0000BCBD /* Default-568h@2x.png */,
			);
			name = "Supporting Files";
			sourceTree = "<group>";
		};
		55FCC5B716ED3E5A0000BCBD /* ViewControllers */ = {
			isa = PBXGroup;
			children = (
				55FCC5B916ED60460000BCBD /* GameViewController.h */,
				55FCC5BA16ED60460000BCBD /* GameViewController.m */,
				55FCC57616ED3DA20000BCBD /* MainViewController.h */,
				55FCC57716ED3DA20000BCBD /* MainViewController.m */,
			);
			name = ViewControllers;
			sourceTree = "<group>";
		};
		55FCC5B816ED3E6E0000BCBD /* Networking */ = {
			isa = PBXGroup;
			children = (
				55FCC5C316ED79C70000BCBD /* Packet.h */,
				55FCC5C416ED79C70000BCBD /* Packet.m */,
				558E14A916F182480076F6FC /* PacketSignInResponse.h */,
				558E14AA16F182480076F6FC /* PacketSignInResponse.m */,
				552CDD20170279BF003CA4EB /* PacketGameState.h */,
				552CDD21170279BF003CA4EB /* PacketGameState.m */,
				5596E08A16F62FB600511D3E /* PacketOtherClientQuit.h */,
				5596E08B16F62FB600511D3E /* PacketOtherClientQuit.m */,
				559096CB16FFE70C004149A0 /* PacketMusic.h */,
				559096CC16FFE70C004149A0 /* PacketMusic.m */,
				552CDD1D17026493003CA4EB /* PacketMusicResponse.h */,
				552CDD1E17026493003CA4EB /* PacketMusicResponse.m */,
				55A31C0217017B6F00A1FFC8 /* PacketPlayMusicNow.h */,
				55A31C0317017B6F00A1FFC8 /* PacketPlayMusicNow.m */,
				5590968916FF5ED4004149A0 /* MusicUpload.h */,
				5590968A16FF5ED4004149A0 /* MusicUpload.m */,
				559096C816FFE28A004149A0 /* MusicDownload.h */,
				559096C916FFE28A004149A0 /* MusicDownload.m */,
				55FCC5B116ED3E0C0000BCBD /* MatchmakingServer.h */,
				55FCC5B216ED3E0D0000BCBD /* MatchmakingServer.m */,
				55FCC5B416ED3E360000BCBD /* MatchmakingClient.h */,
				55FCC5B516ED3E360000BCBD /* MatchmakingClient.m */,
			);
			name = Networking;
			sourceTree = "<group>";
		};
		55FCC5BF16ED62680000BCBD /* DataModel */ = {
			isa = PBXGroup;
			children = (
				559096CE1700038F004149A0 /* PlaylistItem.h */,
				559096CF1700038F004149A0 /* PlaylistItem.m */,
				559096D1170006AB004149A0 /* MusicItem.h */,
				559096D2170006AB004149A0 /* MusicItem.m */,
				55FCC5C016ED78E80000BCBD /* Player.h */,
				55FCC5C116ED78E80000BCBD /* Player.m */,
				55FCC5BC16ED62640000BCBD /* Game.h */,
				55FCC5BD16ED62640000BCBD /* Game.m */,
			);
			name = DataModel;
			sourceTree = "<group>";
		};
		55FCC5C916ED7A620000BCBD /* AirShareAdditions */ = {
			isa = PBXGroup;
			children = (
				55FCC5C616ED7A5E0000BCBD /* NSData+AirShareAdditions.h */,
				55FCC5C716ED7A5E0000BCBD /* NSData+AirShareAdditions.m */,
			);
			name = AirShareAdditions;
			sourceTree = "<group>";
		};
/* End PBXGroup section */

/* Begin PBXNativeTarget section */
		55FCC54816ED3D4C0000BCBD /* AirShare2 */ = {
			isa = PBXNativeTarget;
			buildConfigurationList = 55FCC56F16ED3D4C0000BCBD /* Build configuration list for PBXNativeTarget "AirShare2" */;
			buildPhases = (
				55FCC54516ED3D4C0000BCBD /* Sources */,
				55FCC54616ED3D4C0000BCBD /* Frameworks */,
				55FCC54716ED3D4C0000BCBD /* Resources */,
			);
			buildRules = (
			);
			dependencies = (
			);
			name = AirShare2;
			productName = AirShare2;
			productReference = 55FCC54916ED3D4C0000BCBD /* AirShare2.app */;
			productType = "com.apple.product-type.application";
		};
/* End PBXNativeTarget section */

/* Begin PBXProject section */
		55FCC54116ED3D4C0000BCBD /* Project object */ = {
			isa = PBXProject;
			attributes = {
				LastUpgradeCheck = 0460;
				ORGANIZATIONNAME = "Matthew Arbesfeld";
			};
			buildConfigurationList = 55FCC54416ED3D4C0000BCBD /* Build configuration list for PBXProject "AirShare2" */;
			compatibilityVersion = "Xcode 3.2";
			developmentRegion = English;
			hasScannedForEncodings = 0;
			knownRegions = (
				en,
			);
			mainGroup = 55FCC54016ED3D4C0000BCBD;
			productRefGroup = 55FCC54A16ED3D4C0000BCBD /* Products */;
			projectDirPath = "";
			projectRoot = "";
			targets = (
				55FCC54816ED3D4C0000BCBD /* AirShare2 */,
			);
		};
/* End PBXProject section */

/* Begin PBXResourcesBuildPhase section */
		55FCC54716ED3D4C0000BCBD /* Resources */ = {
			isa = PBXResourcesBuildPhase;
			buildActionMask = 2147483647;
			files = (
				55FCC55716ED3D4C0000BCBD /* InfoPlist.strings in Resources */,
				55FCC55F16ED3D4C0000BCBD /* Default.png in Resources */,
				55FCC56116ED3D4C0000BCBD /* Default@2x.png in Resources */,
				55FCC56316ED3D4C0000BCBD /* Default-568h@2x.png in Resources */,
				55FCC56616ED3D4C0000BCBD /* MainStoryboard_iPhone.storyboard in Resources */,
				55FCC56916ED3D4C0000BCBD /* MainStoryboard_iPad.storyboard in Resources */,
				558E14B516F185600076F6FC /* bgGreyImg.png in Resources */,
				558E14B616F185600076F6FC /* CenturyGothicStd-Bold.otf in Resources */,
				558E14B716F185600076F6FC /* CenturyGothicStd.otf in Resources */,
			);
			runOnlyForDeploymentPostprocessing = 0;
		};
/* End PBXResourcesBuildPhase section */

/* Begin PBXSourcesBuildPhase section */
		55FCC54516ED3D4C0000BCBD /* Sources */ = {
			isa = PBXSourcesBuildPhase;
			buildActionMask = 2147483647;
			files = (
				55FCC55916ED3D4C0000BCBD /* main.m in Sources */,
				55FCC55D16ED3D4C0000BCBD /* AppDelegate.m in Sources */,
				55FCC57816ED3DA20000BCBD /* MainViewController.m in Sources */,
				55FCC5B316ED3E0D0000BCBD /* MatchmakingServer.m in Sources */,
				55FCC5B616ED3E360000BCBD /* MatchmakingClient.m in Sources */,
				55FCC5BB16ED60460000BCBD /* GameViewController.m in Sources */,
				55FCC5BE16ED62640000BCBD /* Game.m in Sources */,
				55FCC5C216ED78E80000BCBD /* Player.m in Sources */,
				55FCC5C516ED79C70000BCBD /* Packet.m in Sources */,
				55FCC5C816ED7A5E0000BCBD /* NSData+AirShareAdditions.m in Sources */,
				558E14AB16F182480076F6FC /* PacketSignInResponse.m in Sources */,
				5596E08C16F62FB600511D3E /* PacketOtherClientQuit.m in Sources */,
				5590968B16FF5ED4004149A0 /* MusicUpload.m in Sources */,
				559096BF16FFB3DE004149A0 /* AFHTTPClient.m in Sources */,
				559096C016FFB3DE004149A0 /* AFHTTPRequestOperation.m in Sources */,
				559096C116FFB3DE004149A0 /* AFImageRequestOperation.m in Sources */,
				559096C216FFB3DE004149A0 /* AFJSONRequestOperation.m in Sources */,
				559096C316FFB3DE004149A0 /* AFNetworkActivityIndicatorManager.m in Sources */,
				559096C416FFB3DE004149A0 /* AFPropertyListRequestOperation.m in Sources */,
				559096C516FFB3DE004149A0 /* AFURLConnectionOperation.m in Sources */,
				559096C616FFB3DE004149A0 /* AFXMLRequestOperation.m in Sources */,
				559096C716FFB3DE004149A0 /* UIImageView+AFNetworking.m in Sources */,
				559096CA16FFE28A004149A0 /* MusicDownload.m in Sources */,
				559096CD16FFE70C004149A0 /* PacketMusic.m in Sources */,
				559096D01700038F004149A0 /* PlaylistItem.m in Sources */,
				559096D3170006AB004149A0 /* MusicItem.m in Sources */,
				55A31C0417017B6F00A1FFC8 /* PacketPlayMusicNow.m in Sources */,
				552CDD1F17026493003CA4EB /* PacketMusicResponse.m in Sources */,
				552CDD22170279BF003CA4EB /* PacketGameState.m in Sources */,
			);
			runOnlyForDeploymentPostprocessing = 0;
		};
/* End PBXSourcesBuildPhase section */

/* Begin PBXVariantGroup section */
		55FCC55516ED3D4C0000BCBD /* InfoPlist.strings */ = {
			isa = PBXVariantGroup;
			children = (
				55FCC55616ED3D4C0000BCBD /* en */,
			);
			name = InfoPlist.strings;
			sourceTree = "<group>";
		};
		55FCC56416ED3D4C0000BCBD /* MainStoryboard_iPhone.storyboard */ = {
			isa = PBXVariantGroup;
			children = (
				55FCC56516ED3D4C0000BCBD /* en */,
			);
			name = MainStoryboard_iPhone.storyboard;
			sourceTree = "<group>";
		};
		55FCC56716ED3D4C0000BCBD /* MainStoryboard_iPad.storyboard */ = {
			isa = PBXVariantGroup;
			children = (
				55FCC56816ED3D4C0000BCBD /* en */,
			);
			name = MainStoryboard_iPad.storyboard;
			sourceTree = "<group>";
		};
/* End PBXVariantGroup section */

/* Begin XCBuildConfiguration section */
		55FCC56D16ED3D4C0000BCBD /* Debug */ = {
			isa = XCBuildConfiguration;
			buildSettings = {
				ALWAYS_SEARCH_USER_PATHS = NO;
				CLANG_CXX_LANGUAGE_STANDARD = "gnu++0x";
				CLANG_CXX_LIBRARY = "libc++";
				CLANG_ENABLE_OBJC_ARC = YES;
				CLANG_WARN_CONSTANT_CONVERSION = YES;
				CLANG_WARN_EMPTY_BODY = YES;
				CLANG_WARN_ENUM_CONVERSION = YES;
				CLANG_WARN_INT_CONVERSION = YES;
				CLANG_WARN__DUPLICATE_METHOD_MATCH = YES;
				"CODE_SIGN_IDENTITY[sdk=iphoneos*]" = "iPhone Developer";
				COPY_PHASE_STRIP = NO;
				GCC_C_LANGUAGE_STANDARD = gnu99;
				GCC_DYNAMIC_NO_PIC = NO;
				GCC_OPTIMIZATION_LEVEL = 0;
				GCC_PREPROCESSOR_DEFINITIONS = (
					"DEBUG=1",
					"$(inherited)",
				);
				GCC_SYMBOLS_PRIVATE_EXTERN = NO;
				GCC_WARN_ABOUT_RETURN_TYPE = YES;
				GCC_WARN_UNINITIALIZED_AUTOS = YES;
				GCC_WARN_UNUSED_VARIABLE = YES;
				IPHONEOS_DEPLOYMENT_TARGET = 6.1;
				ONLY_ACTIVE_ARCH = YES;
				SDKROOT = iphoneos;
				TARGETED_DEVICE_FAMILY = "1,2";
			};
			name = Debug;
		};
		55FCC56E16ED3D4C0000BCBD /* Release */ = {
			isa = XCBuildConfiguration;
			buildSettings = {
				ALWAYS_SEARCH_USER_PATHS = NO;
				CLANG_CXX_LANGUAGE_STANDARD = "gnu++0x";
				CLANG_CXX_LIBRARY = "libc++";
				CLANG_ENABLE_OBJC_ARC = YES;
				CLANG_WARN_CONSTANT_CONVERSION = YES;
				CLANG_WARN_EMPTY_BODY = YES;
				CLANG_WARN_ENUM_CONVERSION = YES;
				CLANG_WARN_INT_CONVERSION = YES;
				CLANG_WARN__DUPLICATE_METHOD_MATCH = YES;
				"CODE_SIGN_IDENTITY[sdk=iphoneos*]" = "iPhone Developer";
				COPY_PHASE_STRIP = YES;
				GCC_C_LANGUAGE_STANDARD = gnu99;
				GCC_WARN_ABOUT_RETURN_TYPE = YES;
				GCC_WARN_UNINITIALIZED_AUTOS = YES;
				GCC_WARN_UNUSED_VARIABLE = YES;
				IPHONEOS_DEPLOYMENT_TARGET = 6.1;
				OTHER_CFLAGS = "-DNS_BLOCK_ASSERTIONS=1";
				SDKROOT = iphoneos;
				TARGETED_DEVICE_FAMILY = "1,2";
				VALIDATE_PRODUCT = YES;
			};
			name = Release;
		};
		55FCC57016ED3D4C0000BCBD /* Debug */ = {
			isa = XCBuildConfiguration;
			buildSettings = {
				FRAMEWORK_SEARCH_PATHS = (
					"$(inherited)",
					"\"$(SRCROOT)/../../../Desktop\"",
					"\"$(SRCROOT)/Debug-iphonesimulator\"",
				);
				GCC_PRECOMPILE_PREFIX_HEADER = YES;
				GCC_PREFIX_HEADER = "AirShare2/AirShare2-Prefix.pch";
				INFOPLIST_FILE = "AirShare2/AirShare2-Info.plist";
				LIBRARY_SEARCH_PATHS = "$(inherited)";
				PRODUCT_NAME = "$(TARGET_NAME)";
				USER_HEADER_SEARCH_PATHS = "";
				WRAPPER_EXTENSION = app;
			};
			name = Debug;
		};
		55FCC57116ED3D4C0000BCBD /* Release */ = {
			isa = XCBuildConfiguration;
			buildSettings = {
				FRAMEWORK_SEARCH_PATHS = (
					"$(inherited)",
					"\"$(SRCROOT)/../../../Desktop\"",
					"\"$(SRCROOT)/Debug-iphonesimulator\"",
				);
				GCC_PRECOMPILE_PREFIX_HEADER = YES;
				GCC_PREFIX_HEADER = "AirShare2/AirShare2-Prefix.pch";
				INFOPLIST_FILE = "AirShare2/AirShare2-Info.plist";
				LIBRARY_SEARCH_PATHS = "$(inherited)";
				PRODUCT_NAME = "$(TARGET_NAME)";
				USER_HEADER_SEARCH_PATHS = "";
				WRAPPER_EXTENSION = app;
			};
			name = Release;
		};
/* End XCBuildConfiguration section */

/* Begin XCConfigurationList section */
		55FCC54416ED3D4C0000BCBD /* Build configuration list for PBXProject "AirShare2" */ = {
			isa = XCConfigurationList;
			buildConfigurations = (
				55FCC56D16ED3D4C0000BCBD /* Debug */,
				55FCC56E16ED3D4C0000BCBD /* Release */,
			);
			defaultConfigurationIsVisible = 0;
			defaultConfigurationName = Release;
		};
		55FCC56F16ED3D4C0000BCBD /* Build configuration list for PBXNativeTarget "AirShare2" */ = {
			isa = XCConfigurationList;
			buildConfigurations = (
				55FCC57016ED3D4C0000BCBD /* Debug */,
				55FCC57116ED3D4C0000BCBD /* Release */,
			);
			defaultConfigurationIsVisible = 0;
			defaultConfigurationName = Release;
		};
/* End XCConfigurationList section */
	};
	rootObject = 55FCC54116ED3D4C0000BCBD /* Project object */;
}
