// !$*UTF8*$!
{
	archiveVersion = 1;
	classes = {
	};
	objectVersion = 46;
	objects = {

/* Begin PBXBuildFile section */
		552CDD1F17026493003CA4EB /* PacketMusicResponse.m in Sources */ = {isa = PBXBuildFile; fileRef = 552CDD1E17026493003CA4EB /* PacketMusicResponse.m */; };
		552CDD22170279BF003CA4EB /* PacketGameState.m in Sources */ = {isa = PBXBuildFile; fileRef = 552CDD21170279BF003CA4EB /* PacketGameState.m */; };
		55453437171124EB00B4704F /* PacketSyncResponse.m in Sources */ = {isa = PBXBuildFile; fileRef = 55453436171124EB00B4704F /* PacketSyncResponse.m */; };
		558B71D91708EF29004E05D5 /* PacketMusicDownload.m in Sources */ = {isa = PBXBuildFile; fileRef = 558B71D81708EF29004E05D5 /* PacketMusicDownload.m */; };
		558B71DC1708EF34004E05D5 /* PacketPlaylistItem.m in Sources */ = {isa = PBXBuildFile; fileRef = 558B71DB1708EF34004E05D5 /* PacketPlaylistItem.m */; };
		558E0D641704DE3100BF230D /* PlaylistItemCell.m in Sources */ = {isa = PBXBuildFile; fileRef = 558E0D631704DE3100BF230D /* PlaylistItemCell.m */; };
		558E14AB16F182480076F6FC /* PacketSignIn.m in Sources */ = {isa = PBXBuildFile; fileRef = 558E14AA16F182480076F6FC /* PacketSignIn.m */; };
		558E14B616F185600076F6FC /* CenturyGothicStd-Bold.otf in Resources */ = {isa = PBXBuildFile; fileRef = 558E14B316F185600076F6FC /* CenturyGothicStd-Bold.otf */; };
		558E14B716F185600076F6FC /* CenturyGothicStd.otf in Resources */ = {isa = PBXBuildFile; fileRef = 558E14B416F185600076F6FC /* CenturyGothicStd.otf */; };
		558F735E1720C6B50048F78F /* PlayerView.m in Sources */ = {isa = PBXBuildFile; fileRef = 558F735D1720C6B50048F78F /* PlayerView.m */; };
		558F73601720CFC00048F78F /* skip-01-rotated.png in Resources */ = {isa = PBXBuildFile; fileRef = 558F735F1720CFC00048F78F /* skip-01-rotated.png */; };
		5590968B16FF5ED4004149A0 /* MusicUpload.m in Sources */ = {isa = PBXBuildFile; fileRef = 5590968A16FF5ED4004149A0 /* MusicUpload.m */; settings = {COMPILER_FLAGS = "-fno-objc-arc"; }; };
		5590968D16FF63C5004149A0 /* CFNetwork.framework in Frameworks */ = {isa = PBXBuildFile; fileRef = 5590968C16FF63C5004149A0 /* CFNetwork.framework */; };
		5590968E16FF64A5004149A0 /* MobileCoreServices.framework in Frameworks */ = {isa = PBXBuildFile; fileRef = 5596E0D816F692D300511D3E /* MobileCoreServices.framework */; };
		5590969016FF6553004149A0 /* SystemConfiguration.framework in Frameworks */ = {isa = PBXBuildFile; fileRef = 5590968F16FF6553004149A0 /* SystemConfiguration.framework */; };
		559096BF16FFB3DE004149A0 /* AFHTTPClient.m in Sources */ = {isa = PBXBuildFile; fileRef = 559096AD16FFB3DE004149A0 /* AFHTTPClient.m */; };
		559096C016FFB3DE004149A0 /* AFHTTPRequestOperation.m in Sources */ = {isa = PBXBuildFile; fileRef = 559096AF16FFB3DE004149A0 /* AFHTTPRequestOperation.m */; };
		559096C116FFB3DE004149A0 /* AFImageRequestOperation.m in Sources */ = {isa = PBXBuildFile; fileRef = 559096B116FFB3DE004149A0 /* AFImageRequestOperation.m */; };
		559096C216FFB3DE004149A0 /* AFJSONRequestOperation.m in Sources */ = {isa = PBXBuildFile; fileRef = 559096B316FFB3DE004149A0 /* AFJSONRequestOperation.m */; };
		559096C316FFB3DE004149A0 /* AFNetworkActivityIndicatorManager.m in Sources */ = {isa = PBXBuildFile; fileRef = 559096B516FFB3DE004149A0 /* AFNetworkActivityIndicatorManager.m */; };
		559096C416FFB3DE004149A0 /* AFPropertyListRequestOperation.m in Sources */ = {isa = PBXBuildFile; fileRef = 559096B816FFB3DE004149A0 /* AFPropertyListRequestOperation.m */; };
		559096C516FFB3DE004149A0 /* AFURLConnectionOperation.m in Sources */ = {isa = PBXBuildFile; fileRef = 559096BA16FFB3DE004149A0 /* AFURLConnectionOperation.m */; };
		559096C616FFB3DE004149A0 /* AFXMLRequestOperation.m in Sources */ = {isa = PBXBuildFile; fileRef = 559096BC16FFB3DE004149A0 /* AFXMLRequestOperation.m */; };
		559096C716FFB3DE004149A0 /* UIImageView+AFNetworking.m in Sources */ = {isa = PBXBuildFile; fileRef = 559096BE16FFB3DE004149A0 /* UIImageView+AFNetworking.m */; };
		559096CA16FFE28A004149A0 /* MusicDownload.m in Sources */ = {isa = PBXBuildFile; fileRef = 559096C916FFE28A004149A0 /* MusicDownload.m */; };
		559096D01700038F004149A0 /* PlaylistItem.m in Sources */ = {isa = PBXBuildFile; fileRef = 559096CF1700038F004149A0 /* PlaylistItem.m */; };
		559096D3170006AB004149A0 /* MediaItem.m in Sources */ = {isa = PBXBuildFile; fileRef = 559096D2170006AB004149A0 /* MediaItem.m */; };
		5591DC7D1703669A0086BC99 /* PacketVote.m in Sources */ = {isa = PBXBuildFile; fileRef = 5591DC7C1703669A0086BC99 /* PacketVote.m */; };
		5592DE82170BAA9F00C766B0 /* ECSlidingViewController.m in Sources */ = {isa = PBXBuildFile; fileRef = 5592DE7F170BAA9F00C766B0 /* ECSlidingViewController.m */; };
		5592DE83170BAA9F00C766B0 /* UIImage+ImageWithUIView.m in Sources */ = {isa = PBXBuildFile; fileRef = 5592DE81170BAA9F00C766B0 /* UIImage+ImageWithUIView.m */; };
		5592FEFD1700D65B0038ED40 /* CoreAudio.framework in Frameworks */ = {isa = PBXBuildFile; fileRef = 5592FEFC1700D65B0038ED40 /* CoreAudio.framework */; };
		5593E3BC1727170600CF9149 /* empty.mp3 in Resources */ = {isa = PBXBuildFile; fileRef = 5593E3BB1727170600CF9149 /* empty.mp3 */; };
		5593E3C01727AA4700CF9149 /* gradient_transparent.png in Resources */ = {isa = PBXBuildFile; fileRef = 5593E3BF1727AA4700CF9149 /* gradient_transparent.png */; };
		5593E3C51727BDD800CF9149 /* downvote_selected.png in Resources */ = {isa = PBXBuildFile; fileRef = 5593E3C11727BDD700CF9149 /* downvote_selected.png */; };
		5593E3C61727BDD800CF9149 /* downvote.png in Resources */ = {isa = PBXBuildFile; fileRef = 5593E3C21727BDD700CF9149 /* downvote.png */; };
		5593E3C71727BDD800CF9149 /* upvote.png in Resources */ = {isa = PBXBuildFile; fileRef = 5593E3C31727BDD800CF9149 /* upvote.png */; };
		5593E3C81727BDD800CF9149 /* upvote_selected.png in Resources */ = {isa = PBXBuildFile; fileRef = 5593E3C41727BDD800CF9149 /* upvote_selected.png */; };
		5595E4EB171D2C46006782DE /* MoviePickerViewController.m in Sources */ = {isa = PBXBuildFile; fileRef = 5595E4EA171D2C45006782DE /* MoviePickerViewController.m */; };
		5595E4EE171D3995006782DE /* MovieItemCell.m in Sources */ = {isa = PBXBuildFile; fileRef = 5595E4ED171D3995006782DE /* MovieItemCell.m */; };
		559673C017246A3D000E0D52 /* LBYouTubeExtractor.m in Sources */ = {isa = PBXBuildFile; fileRef = 559673BF17246A3D000E0D52 /* LBYouTubeExtractor.m */; };
		559673C31724CD96000E0D52 /* loading.gif in Resources */ = {isa = PBXBuildFile; fileRef = 559673C21724CD96000E0D52 /* loading.gif */; };
		559673C51724CD9F000E0D52 /* youtubeLogo.png in Resources */ = {isa = PBXBuildFile; fileRef = 559673C41724CD9F000E0D52 /* youtubeLogo.png */; };
		5596E08C16F62FB600511D3E /* PacketOtherClientQuit.m in Sources */ = {isa = PBXBuildFile; fileRef = 5596E08B16F62FB600511D3E /* PacketOtherClientQuit.m */; };
		5596E0C916F6746900511D3E /* MediaPlayer.framework in Frameworks */ = {isa = PBXBuildFile; fileRef = 5596E0C816F6746900511D3E /* MediaPlayer.framework */; };
		5596E0D716F692CE00511D3E /* AudioToolbox.framework in Frameworks */ = {isa = PBXBuildFile; fileRef = 5596E0D616F692CE00511D3E /* AudioToolbox.framework */; };
		5596E0DB16F6930700511D3E /* CoreMedia.framework in Frameworks */ = {isa = PBXBuildFile; fileRef = 5596E0DA16F6930600511D3E /* CoreMedia.framework */; };
		5596EDE91717355D00F069FE /* gothic.ttf in Resources */ = {isa = PBXBuildFile; fileRef = 5596EDE81717355D00F069FE /* gothic.ttf */; };
		5597F0651723CDFF00C91952 /* YouTubeTableViewController.m in Sources */ = {isa = PBXBuildFile; fileRef = 5597F0641723CDFF00C91952 /* YouTubeTableViewController.m */; };
		5597F07B1723D12400C91952 /* SBJsonParser.m in Sources */ = {isa = PBXBuildFile; fileRef = 5597F0681723D12200C91952 /* SBJsonParser.m */; };
		5597F07C1723D12400C91952 /* SBJsonStreamParser.m in Sources */ = {isa = PBXBuildFile; fileRef = 5597F06A1723D12300C91952 /* SBJsonStreamParser.m */; };
		5597F07D1723D12400C91952 /* SBJsonStreamParserAccumulator.m in Sources */ = {isa = PBXBuildFile; fileRef = 5597F06C1723D12300C91952 /* SBJsonStreamParserAccumulator.m */; };
		5597F07E1723D12400C91952 /* SBJsonStreamParserAdapter.m in Sources */ = {isa = PBXBuildFile; fileRef = 5597F06E1723D12300C91952 /* SBJsonStreamParserAdapter.m */; };
		5597F07F1723D12400C91952 /* SBJsonStreamParserState.m in Sources */ = {isa = PBXBuildFile; fileRef = 5597F0701723D12300C91952 /* SBJsonStreamParserState.m */; };
		5597F0801723D12400C91952 /* SBJsonStreamTokeniser.m in Sources */ = {isa = PBXBuildFile; fileRef = 5597F0721723D12300C91952 /* SBJsonStreamTokeniser.m */; };
		5597F0811723D12400C91952 /* SBJsonStreamWriter.m in Sources */ = {isa = PBXBuildFile; fileRef = 5597F0741723D12300C91952 /* SBJsonStreamWriter.m */; };
		5597F0821723D12400C91952 /* SBJsonStreamWriterAccumulator.m in Sources */ = {isa = PBXBuildFile; fileRef = 5597F0761723D12400C91952 /* SBJsonStreamWriterAccumulator.m */; };
		5597F0831723D12400C91952 /* SBJsonStreamWriterState.m in Sources */ = {isa = PBXBuildFile; fileRef = 5597F0781723D12400C91952 /* SBJsonStreamWriterState.m */; };
		5597F0841723D12400C91952 /* SBJsonWriter.m in Sources */ = {isa = PBXBuildFile; fileRef = 5597F07A1723D12400C91952 /* SBJsonWriter.m */; };
		5597F0881723DAA600C91952 /* UIImageView+WebCache.m in Sources */ = {isa = PBXBuildFile; fileRef = 5597F0871723DAA600C91952 /* UIImageView+WebCache.m */; };
		5597F09E1723DAC400C91952 /* SDImageCache.m in Sources */ = {isa = PBXBuildFile; fileRef = 5597F08D1723DAC300C91952 /* SDImageCache.m */; };
		5597F09F1723DAC400C91952 /* SDWebImageCompat.m in Sources */ = {isa = PBXBuildFile; fileRef = 5597F08F1723DAC300C91952 /* SDWebImageCompat.m */; };
		5597F0A01723DAC400C91952 /* SDWebImageDecoder.m in Sources */ = {isa = PBXBuildFile; fileRef = 5597F0911723DAC300C91952 /* SDWebImageDecoder.m */; };
		5597F0A11723DAC400C91952 /* SDWebImageDownloader.m in Sources */ = {isa = PBXBuildFile; fileRef = 5597F0931723DAC300C91952 /* SDWebImageDownloader.m */; };
		5597F0A21723DAC400C91952 /* SDWebImageDownloaderOperation.m in Sources */ = {isa = PBXBuildFile; fileRef = 5597F0951723DAC300C91952 /* SDWebImageDownloaderOperation.m */; };
		5597F0A31723DAC400C91952 /* SDWebImageManager.m in Sources */ = {isa = PBXBuildFile; fileRef = 5597F0971723DAC300C91952 /* SDWebImageManager.m */; };
		5597F0A41723DAC400C91952 /* SDWebImagePrefetcher.m in Sources */ = {isa = PBXBuildFile; fileRef = 5597F09A1723DAC300C91952 /* SDWebImagePrefetcher.m */; };
		5597F0A51723DAC400C91952 /* UIButton+WebCache.m in Sources */ = {isa = PBXBuildFile; fileRef = 5597F09C1723DAC400C91952 /* UIButton+WebCache.m */; };
		559A50F2173034F500F356A9 /* icon_lowres.png in Resources */ = {isa = PBXBuildFile; fileRef = 559A50F1173034F400F356A9 /* icon_lowres.png */; };
		559A50F4173034FA00F356A9 /* icon_highres.png in Resources */ = {isa = PBXBuildFile; fileRef = 559A50F3173034F900F356A9 /* icon_highres.png */; };
		559AAB35172ED81A006757C5 /* MenuViewController.m in Sources */ = {isa = PBXBuildFile; fileRef = 559AAB34172ED81A006757C5 /* MenuViewController.m */; };
		559ADC79172369B200F5EBE5 /* PacketPlayMusic.m in Sources */ = {isa = PBXBuildFile; fileRef = 559ADC78172369B200F5EBE5 /* PacketPlayMusic.m */; };
		559AEADB1730B9BB00EF903B /* purple_gradient.png in Resources */ = {isa = PBXBuildFile; fileRef = 559AEADA1730B9BB00EF903B /* purple_gradient.png */; };
		559AEADF1730BBF500EF903B /* purple_gradient2.png in Resources */ = {isa = PBXBuildFile; fileRef = 559AEADE1730BBF500EF903B /* purple_gradient2.png */; };
		559D6B8F1711EC2000C591D8 /* bgGreyImg.png in Resources */ = {isa = PBXBuildFile; fileRef = 559D6B851711EC2000C591D8 /* bgGreyImg.png */; };
		559D6B901711EC2000C591D8 /* cancel.png in Resources */ = {isa = PBXBuildFile; fileRef = 559D6B861711EC2000C591D8 /* cancel.png */; };
		559D6B941711EC2000C591D8 /* music symbol-01.png in Resources */ = {isa = PBXBuildFile; fileRef = 559D6B8A1711EC2000C591D8 /* music symbol-01.png */; };
		559D6B9C17120A2900C591D8 /* UIImage+animatedGIF.m in Sources */ = {isa = PBXBuildFile; fileRef = 559D6B9B17120A2900C591D8 /* UIImage+animatedGIF.m */; };
		559D6B9E17120A5100C591D8 /* ImageIO.framework in Frameworks */ = {isa = PBXBuildFile; fileRef = 559D6B9D17120A5100C591D8 /* ImageIO.framework */; };
		559E887817283CD500CAE248 /* UIButton+Extensions.m in Sources */ = {isa = PBXBuildFile; fileRef = 559E887717283CD500CAE248 /* UIButton+Extensions.m */; };
		55A28DB6171E5C60001E757E /* CustomMovieController.m in Sources */ = {isa = PBXBuildFile; fileRef = 55A28DB5171E5C60001E757E /* CustomMovieController.m */; };
		55FCC54D16ED3D4C0000BCBD /* UIKit.framework in Frameworks */ = {isa = PBXBuildFile; fileRef = 55FCC54C16ED3D4C0000BCBD /* UIKit.framework */; };
		55FCC54F16ED3D4C0000BCBD /* Foundation.framework in Frameworks */ = {isa = PBXBuildFile; fileRef = 55FCC54E16ED3D4C0000BCBD /* Foundation.framework */; };
		55FCC55116ED3D4C0000BCBD /* CoreGraphics.framework in Frameworks */ = {isa = PBXBuildFile; fileRef = 55FCC55016ED3D4C0000BCBD /* CoreGraphics.framework */; };
		55FCC55716ED3D4C0000BCBD /* InfoPlist.strings in Resources */ = {isa = PBXBuildFile; fileRef = 55FCC55516ED3D4C0000BCBD /* InfoPlist.strings */; };
		55FCC55916ED3D4C0000BCBD /* main.m in Sources */ = {isa = PBXBuildFile; fileRef = 55FCC55816ED3D4C0000BCBD /* main.m */; };
		55FCC55D16ED3D4C0000BCBD /* AppDelegate.m in Sources */ = {isa = PBXBuildFile; fileRef = 55FCC55C16ED3D4C0000BCBD /* AppDelegate.m */; };
		55FCC55F16ED3D4C0000BCBD /* Default.png in Resources */ = {isa = PBXBuildFile; fileRef = 55FCC55E16ED3D4C0000BCBD /* Default.png */; };
		55FCC56116ED3D4C0000BCBD /* Default@2x.png in Resources */ = {isa = PBXBuildFile; fileRef = 55FCC56016ED3D4C0000BCBD /* Default@2x.png */; };
		55FCC56316ED3D4C0000BCBD /* Default-568h@2x.png in Resources */ = {isa = PBXBuildFile; fileRef = 55FCC56216ED3D4C0000BCBD /* Default-568h@2x.png */; };
		55FCC56616ED3D4C0000BCBD /* MainStoryboard_iPhone.storyboard in Resources */ = {isa = PBXBuildFile; fileRef = 55FCC56416ED3D4C0000BCBD /* MainStoryboard_iPhone.storyboard */; };
		55FCC57316ED3D860000BCBD /* AVFoundation.framework in Frameworks */ = {isa = PBXBuildFile; fileRef = 55FCC57216ED3D860000BCBD /* AVFoundation.framework */; };
		55FCC57516ED3D8C0000BCBD /* GameKit.framework in Frameworks */ = {isa = PBXBuildFile; fileRef = 55FCC57416ED3D8C0000BCBD /* GameKit.framework */; };
		55FCC57816ED3DA20000BCBD /* MainViewController.m in Sources */ = {isa = PBXBuildFile; fileRef = 55FCC57716ED3DA20000BCBD /* MainViewController.m */; };
		55FCC5B316ED3E0D0000BCBD /* MatchmakingServer.m in Sources */ = {isa = PBXBuildFile; fileRef = 55FCC5B216ED3E0D0000BCBD /* MatchmakingServer.m */; };
		55FCC5B616ED3E360000BCBD /* MatchmakingClient.m in Sources */ = {isa = PBXBuildFile; fileRef = 55FCC5B516ED3E360000BCBD /* MatchmakingClient.m */; };
		55FCC5BB16ED60460000BCBD /* GameViewController.m in Sources */ = {isa = PBXBuildFile; fileRef = 55FCC5BA16ED60460000BCBD /* GameViewController.m */; };
		55FCC5BE16ED62640000BCBD /* Game.m in Sources */ = {isa = PBXBuildFile; fileRef = 55FCC5BD16ED62640000BCBD /* Game.m */; };
		55FCC5C216ED78E80000BCBD /* Player.m in Sources */ = {isa = PBXBuildFile; fileRef = 55FCC5C116ED78E80000BCBD /* Player.m */; };
		55FCC5C516ED79C70000BCBD /* Packet.m in Sources */ = {isa = PBXBuildFile; fileRef = 55FCC5C416ED79C70000BCBD /* Packet.m */; };
		55FCC5C816ED7A5E0000BCBD /* NSData+AirShareAdditions.m in Sources */ = {isa = PBXBuildFile; fileRef = 55FCC5C716ED7A5E0000BCBD /* NSData+AirShareAdditions.m */; };
		892464DC172CCA7D00C4ABB6 /* Default.png in Resources */ = {isa = PBXBuildFile; fileRef = 892464DB172CCA7D00C4ABB6 /* Default.png */; };
		892464DE172CCAA000C4ABB6 /* Default-568h@2x.png in Resources */ = {isa = PBXBuildFile; fileRef = 892464DD172CCAA000C4ABB6 /* Default-568h@2x.png */; };
		892464E0172CCAB300C4ABB6 /* Default@2x.png in Resources */ = {isa = PBXBuildFile; fileRef = 892464DF172CCAB300C4ABB6 /* Default@2x.png */; };
		892464E2172D9D1400C4ABB6 /* airshare.png in Resources */ = {isa = PBXBuildFile; fileRef = 892464E1172D9D1400C4ABB6 /* airshare.png */; };
		892C64C71738C5260038A0E2 /* movieIcon-01.png in Resources */ = {isa = PBXBuildFile; fileRef = 892C64C61738C5260038A0E2 /* movieIcon-01.png */; };
		892C64C91738C52E0038A0E2 /* musicIcon-01.png in Resources */ = {isa = PBXBuildFile; fileRef = 892C64C81738C52E0038A0E2 /* musicIcon-01.png */; };
		892C64CB1738C8100038A0E2 /* upvote-01.png in Resources */ = {isa = PBXBuildFile; fileRef = 892C64CA1738C8100038A0E2 /* upvote-01.png */; };
		892C64CD1738C8400038A0E2 /* upvoteSelected-01.png in Resources */ = {isa = PBXBuildFile; fileRef = 892C64CC1738C8400038A0E2 /* upvoteSelected-01.png */; };
		89A3E9F5172B245700CD6203 /* extrafullVolume-01.png in Resources */ = {isa = PBXBuildFile; fileRef = 89A3E9F3172B245700CD6203 /* extrafullVolume-01.png */; };
		89A3E9FA172B2BCE00CD6203 /* fullVolume-01.png in Resources */ = {isa = PBXBuildFile; fileRef = 89A3E9F7172B2BCE00CD6203 /* fullVolume-01.png */; };
		89A3E9FB172B2BCE00CD6203 /* lowVolume-01.png in Resources */ = {isa = PBXBuildFile; fileRef = 89A3E9F8172B2BCE00CD6203 /* lowVolume-01.png */; };
		89A3E9FC172B2BCE00CD6203 /* muteVolume-01.png in Resources */ = {isa = PBXBuildFile; fileRef = 89A3E9F9172B2BCE00CD6203 /* muteVolume-01.png */; };
		89B257DF16F140D30018695A /* QuartzCore.framework in Frameworks */ = {isa = PBXBuildFile; fileRef = 89B257DE16F140D30018695A /* QuartzCore.framework */; };
		89C016B01714B5B9003F0B26 /* MarqueeLabel.m in Sources */ = {isa = PBXBuildFile; fileRef = 89C016AF1714B545003F0B26 /* MarqueeLabel.m */; };
		89E477281712837C00DE9ECE /* game.png in Resources */ = {isa = PBXBuildFile; fileRef = 89E477271712837C00DE9ECE /* game.png */; };
		89E4772E17128F9700DE9ECE /* movies-01.png in Resources */ = {isa = PBXBuildFile; fileRef = 89E4772D17128F9700DE9ECE /* movies-01.png */; };
		89FA021B175A9F7500F7B070 /* frostedBG.png in Resources */ = {isa = PBXBuildFile; fileRef = 89FA021A175A9F7500F7B070 /* frostedBG.png */; };
		89FA021D175ACBE700F7B070 /* metalHolesIP5.png in Resources */ = {isa = PBXBuildFile; fileRef = 89FA021C175ACBE700F7B070 /* metalHolesIP5.png */; };
		89FA021F175AD05E00F7B070 /* frostedBGip4.png in Resources */ = {isa = PBXBuildFile; fileRef = 89FA021E175AD05E00F7B070 /* frostedBGip4.png */; };
		89FA0221175AD86400F7B070 /* tapformedia-01-01.png in Resources */ = {isa = PBXBuildFile; fileRef = 89FA0220175AD86400F7B070 /* tapformedia-01-01.png */; };
		89FA0223175AD8C000F7B070 /* swipeforusers-01-01.png in Resources */ = {isa = PBXBuildFile; fileRef = 89FA0222175AD8C000F7B070 /* swipeforusers-01-01.png */; };
		89FA0225175AD8FD00F7B070 /* sync-01.png in Resources */ = {isa = PBXBuildFile; fileRef = 89FA0224175AD8FD00F7B070 /* sync-01.png */; };
		89FA0227175AD91800F7B070 /* skip-01.png in Resources */ = {isa = PBXBuildFile; fileRef = 89FA0226175AD91800F7B070 /* skip-01.png */; };
		89FA0229175AD93700F7B070 /* eye-01.png in Resources */ = {isa = PBXBuildFile; fileRef = 89FA0228175AD93700F7B070 /* eye-01.png */; };
		89FA022F175AE0FE00F7B070 /* synced-01.png in Resources */ = {isa = PBXBuildFile; fileRef = 89FA022E175AE0FE00F7B070 /* synced-01.png */; };
		89FA0231175AE6DB00F7B070 /* exit-01.png in Resources */ = {isa = PBXBuildFile; fileRef = 89FA0230175AE6DA00F7B070 /* exit-01.png */; };
		EAB726371711EFDC0084D2CC /* PacketCancelMusic.m in Sources */ = {isa = PBXBuildFile; fileRef = EAB726361711EFDC0084D2CC /* PacketCancelMusic.m */; };
/* End PBXBuildFile section */

/* Begin PBXFileReference section */
		552CDD1D17026493003CA4EB /* PacketMusicResponse.h */ = {isa = PBXFileReference; fileEncoding = 4; lastKnownFileType = sourcecode.c.h; path = PacketMusicResponse.h; sourceTree = "<group>"; };
		552CDD1E17026493003CA4EB /* PacketMusicResponse.m */ = {isa = PBXFileReference; fileEncoding = 4; lastKnownFileType = sourcecode.c.objc; path = PacketMusicResponse.m; sourceTree = "<group>"; };
		552CDD20170279BF003CA4EB /* PacketGameState.h */ = {isa = PBXFileReference; fileEncoding = 4; lastKnownFileType = sourcecode.c.h; path = PacketGameState.h; sourceTree = "<group>"; };
		552CDD21170279BF003CA4EB /* PacketGameState.m */ = {isa = PBXFileReference; fileEncoding = 4; lastKnownFileType = sourcecode.c.objc; path = PacketGameState.m; sourceTree = "<group>"; };
		55453435171124EB00B4704F /* PacketSyncResponse.h */ = {isa = PBXFileReference; fileEncoding = 4; lastKnownFileType = sourcecode.c.h; path = PacketSyncResponse.h; sourceTree = "<group>"; };
		55453436171124EB00B4704F /* PacketSyncResponse.m */ = {isa = PBXFileReference; fileEncoding = 4; lastKnownFileType = sourcecode.c.objc; path = PacketSyncResponse.m; sourceTree = "<group>"; };
		558B71D71708EF29004E05D5 /* PacketMusicDownload.h */ = {isa = PBXFileReference; fileEncoding = 4; lastKnownFileType = sourcecode.c.h; path = PacketMusicDownload.h; sourceTree = "<group>"; };
		558B71D81708EF29004E05D5 /* PacketMusicDownload.m */ = {isa = PBXFileReference; fileEncoding = 4; lastKnownFileType = sourcecode.c.objc; path = PacketMusicDownload.m; sourceTree = "<group>"; };
		558B71DA1708EF34004E05D5 /* PacketPlaylistItem.h */ = {isa = PBXFileReference; fileEncoding = 4; lastKnownFileType = sourcecode.c.h; path = PacketPlaylistItem.h; sourceTree = "<group>"; };
		558B71DB1708EF34004E05D5 /* PacketPlaylistItem.m */ = {isa = PBXFileReference; fileEncoding = 4; lastKnownFileType = sourcecode.c.objc; path = PacketPlaylistItem.m; sourceTree = "<group>"; };
		558E0D621704DE3100BF230D /* PlaylistItemCell.h */ = {isa = PBXFileReference; fileEncoding = 4; lastKnownFileType = sourcecode.c.h; path = PlaylistItemCell.h; sourceTree = "<group>"; };
		558E0D631704DE3100BF230D /* PlaylistItemCell.m */ = {isa = PBXFileReference; fileEncoding = 4; lastKnownFileType = sourcecode.c.objc; path = PlaylistItemCell.m; sourceTree = "<group>"; };
		558E14A916F182480076F6FC /* PacketSignIn.h */ = {isa = PBXFileReference; fileEncoding = 4; lastKnownFileType = sourcecode.c.h; path = PacketSignIn.h; sourceTree = "<group>"; };
		558E14AA16F182480076F6FC /* PacketSignIn.m */ = {isa = PBXFileReference; fileEncoding = 4; lastKnownFileType = sourcecode.c.objc; path = PacketSignIn.m; sourceTree = "<group>"; };
		558E14B316F185600076F6FC /* CenturyGothicStd-Bold.otf */ = {isa = PBXFileReference; lastKnownFileType = file; path = "CenturyGothicStd-Bold.otf"; sourceTree = "<group>"; };
		558E14B416F185600076F6FC /* CenturyGothicStd.otf */ = {isa = PBXFileReference; lastKnownFileType = file; path = CenturyGothicStd.otf; sourceTree = "<group>"; };
		558F735C1720C6B40048F78F /* PlayerView.h */ = {isa = PBXFileReference; fileEncoding = 4; lastKnownFileType = sourcecode.c.h; path = PlayerView.h; sourceTree = "<group>"; };
		558F735D1720C6B50048F78F /* PlayerView.m */ = {isa = PBXFileReference; fileEncoding = 4; lastKnownFileType = sourcecode.c.objc; path = PlayerView.m; sourceTree = "<group>"; };
		558F735F1720CFC00048F78F /* skip-01-rotated.png */ = {isa = PBXFileReference; lastKnownFileType = image.png; name = "skip-01-rotated.png"; path = "Graphics/skip-01-rotated.png"; sourceTree = "<group>"; };
		5590968916FF5ED4004149A0 /* MusicUpload.h */ = {isa = PBXFileReference; fileEncoding = 4; lastKnownFileType = sourcecode.c.h; path = MusicUpload.h; sourceTree = "<group>"; };
		5590968A16FF5ED4004149A0 /* MusicUpload.m */ = {isa = PBXFileReference; fileEncoding = 4; lastKnownFileType = sourcecode.c.objc; path = MusicUpload.m; sourceTree = "<group>"; };
		5590968C16FF63C5004149A0 /* CFNetwork.framework */ = {isa = PBXFileReference; lastKnownFileType = wrapper.framework; name = CFNetwork.framework; path = System/Library/Frameworks/CFNetwork.framework; sourceTree = SDKROOT; };
		5590968F16FF6553004149A0 /* SystemConfiguration.framework */ = {isa = PBXFileReference; lastKnownFileType = wrapper.framework; name = SystemConfiguration.framework; path = System/Library/Frameworks/SystemConfiguration.framework; sourceTree = SDKROOT; };
		559096AC16FFB3DE004149A0 /* AFHTTPClient.h */ = {isa = PBXFileReference; fileEncoding = 4; lastKnownFileType = sourcecode.c.h; path = AFHTTPClient.h; sourceTree = "<group>"; };
		559096AD16FFB3DE004149A0 /* AFHTTPClient.m */ = {isa = PBXFileReference; fileEncoding = 4; lastKnownFileType = sourcecode.c.objc; path = AFHTTPClient.m; sourceTree = "<group>"; };
		559096AE16FFB3DE004149A0 /* AFHTTPRequestOperation.h */ = {isa = PBXFileReference; fileEncoding = 4; lastKnownFileType = sourcecode.c.h; path = AFHTTPRequestOperation.h; sourceTree = "<group>"; };
		559096AF16FFB3DE004149A0 /* AFHTTPRequestOperation.m */ = {isa = PBXFileReference; fileEncoding = 4; lastKnownFileType = sourcecode.c.objc; path = AFHTTPRequestOperation.m; sourceTree = "<group>"; };
		559096B016FFB3DE004149A0 /* AFImageRequestOperation.h */ = {isa = PBXFileReference; fileEncoding = 4; lastKnownFileType = sourcecode.c.h; path = AFImageRequestOperation.h; sourceTree = "<group>"; };
		559096B116FFB3DE004149A0 /* AFImageRequestOperation.m */ = {isa = PBXFileReference; fileEncoding = 4; lastKnownFileType = sourcecode.c.objc; path = AFImageRequestOperation.m; sourceTree = "<group>"; };
		559096B216FFB3DE004149A0 /* AFJSONRequestOperation.h */ = {isa = PBXFileReference; fileEncoding = 4; lastKnownFileType = sourcecode.c.h; path = AFJSONRequestOperation.h; sourceTree = "<group>"; };
		559096B316FFB3DE004149A0 /* AFJSONRequestOperation.m */ = {isa = PBXFileReference; fileEncoding = 4; lastKnownFileType = sourcecode.c.objc; path = AFJSONRequestOperation.m; sourceTree = "<group>"; };
		559096B416FFB3DE004149A0 /* AFNetworkActivityIndicatorManager.h */ = {isa = PBXFileReference; fileEncoding = 4; lastKnownFileType = sourcecode.c.h; path = AFNetworkActivityIndicatorManager.h; sourceTree = "<group>"; };
		559096B516FFB3DE004149A0 /* AFNetworkActivityIndicatorManager.m */ = {isa = PBXFileReference; fileEncoding = 4; lastKnownFileType = sourcecode.c.objc; path = AFNetworkActivityIndicatorManager.m; sourceTree = "<group>"; };
		559096B616FFB3DE004149A0 /* AFNetworking.h */ = {isa = PBXFileReference; fileEncoding = 4; lastKnownFileType = sourcecode.c.h; path = AFNetworking.h; sourceTree = "<group>"; };
		559096B716FFB3DE004149A0 /* AFPropertyListRequestOperation.h */ = {isa = PBXFileReference; fileEncoding = 4; lastKnownFileType = sourcecode.c.h; path = AFPropertyListRequestOperation.h; sourceTree = "<group>"; };
		559096B816FFB3DE004149A0 /* AFPropertyListRequestOperation.m */ = {isa = PBXFileReference; fileEncoding = 4; lastKnownFileType = sourcecode.c.objc; path = AFPropertyListRequestOperation.m; sourceTree = "<group>"; };
		559096B916FFB3DE004149A0 /* AFURLConnectionOperation.h */ = {isa = PBXFileReference; fileEncoding = 4; lastKnownFileType = sourcecode.c.h; path = AFURLConnectionOperation.h; sourceTree = "<group>"; };
		559096BA16FFB3DE004149A0 /* AFURLConnectionOperation.m */ = {isa = PBXFileReference; fileEncoding = 4; lastKnownFileType = sourcecode.c.objc; path = AFURLConnectionOperation.m; sourceTree = "<group>"; };
		559096BB16FFB3DE004149A0 /* AFXMLRequestOperation.h */ = {isa = PBXFileReference; fileEncoding = 4; lastKnownFileType = sourcecode.c.h; path = AFXMLRequestOperation.h; sourceTree = "<group>"; };
		559096BC16FFB3DE004149A0 /* AFXMLRequestOperation.m */ = {isa = PBXFileReference; fileEncoding = 4; lastKnownFileType = sourcecode.c.objc; path = AFXMLRequestOperation.m; sourceTree = "<group>"; };
		559096BD16FFB3DE004149A0 /* UIImageView+AFNetworking.h */ = {isa = PBXFileReference; fileEncoding = 4; lastKnownFileType = sourcecode.c.h; path = "UIImageView+AFNetworking.h"; sourceTree = "<group>"; };
		559096BE16FFB3DE004149A0 /* UIImageView+AFNetworking.m */ = {isa = PBXFileReference; fileEncoding = 4; lastKnownFileType = sourcecode.c.objc; path = "UIImageView+AFNetworking.m"; sourceTree = "<group>"; };
		559096C816FFE28A004149A0 /* MusicDownload.h */ = {isa = PBXFileReference; fileEncoding = 4; lastKnownFileType = sourcecode.c.h; name = MusicDownload.h; path = AirShare2/MusicDownload.h; sourceTree = "<group>"; };
		559096C916FFE28A004149A0 /* MusicDownload.m */ = {isa = PBXFileReference; fileEncoding = 4; lastKnownFileType = sourcecode.c.objc; name = MusicDownload.m; path = AirShare2/MusicDownload.m; sourceTree = "<group>"; };
		559096CE1700038F004149A0 /* PlaylistItem.h */ = {isa = PBXFileReference; fileEncoding = 4; lastKnownFileType = sourcecode.c.h; path = PlaylistItem.h; sourceTree = "<group>"; };
		559096CF1700038F004149A0 /* PlaylistItem.m */ = {isa = PBXFileReference; fileEncoding = 4; lastKnownFileType = sourcecode.c.objc; path = PlaylistItem.m; sourceTree = "<group>"; };
		559096D1170006AB004149A0 /* MediaItem.h */ = {isa = PBXFileReference; fileEncoding = 4; lastKnownFileType = sourcecode.c.h; path = MediaItem.h; sourceTree = "<group>"; };
		559096D2170006AB004149A0 /* MediaItem.m */ = {isa = PBXFileReference; fileEncoding = 4; lastKnownFileType = sourcecode.c.objc; path = MediaItem.m; sourceTree = "<group>"; };
		5591DC7B1703669A0086BC99 /* PacketVote.h */ = {isa = PBXFileReference; fileEncoding = 4; lastKnownFileType = sourcecode.c.h; path = PacketVote.h; sourceTree = "<group>"; };
		5591DC7C1703669A0086BC99 /* PacketVote.m */ = {isa = PBXFileReference; fileEncoding = 4; lastKnownFileType = sourcecode.c.objc; path = PacketVote.m; sourceTree = "<group>"; };
		5592DE7E170BAA9F00C766B0 /* ECSlidingViewController.h */ = {isa = PBXFileReference; fileEncoding = 4; lastKnownFileType = sourcecode.c.h; path = ECSlidingViewController.h; sourceTree = "<group>"; };
		5592DE7F170BAA9F00C766B0 /* ECSlidingViewController.m */ = {isa = PBXFileReference; fileEncoding = 4; lastKnownFileType = sourcecode.c.objc; path = ECSlidingViewController.m; sourceTree = "<group>"; };
		5592DE80170BAA9F00C766B0 /* UIImage+ImageWithUIView.h */ = {isa = PBXFileReference; fileEncoding = 4; lastKnownFileType = sourcecode.c.h; path = "UIImage+ImageWithUIView.h"; sourceTree = "<group>"; };
		5592DE81170BAA9F00C766B0 /* UIImage+ImageWithUIView.m */ = {isa = PBXFileReference; fileEncoding = 4; lastKnownFileType = sourcecode.c.objc; path = "UIImage+ImageWithUIView.m"; sourceTree = "<group>"; };
		5592FEFC1700D65B0038ED40 /* CoreAudio.framework */ = {isa = PBXFileReference; lastKnownFileType = wrapper.framework; name = CoreAudio.framework; path = System/Library/Frameworks/CoreAudio.framework; sourceTree = SDKROOT; };
		5593E3BB1727170600CF9149 /* empty.mp3 */ = {isa = PBXFileReference; lastKnownFileType = audio.mp3; path = empty.mp3; sourceTree = "<group>"; };
		5593E3BF1727AA4700CF9149 /* gradient_transparent.png */ = {isa = PBXFileReference; lastKnownFileType = image.png; path = gradient_transparent.png; sourceTree = "<group>"; };
		5593E3C11727BDD700CF9149 /* downvote_selected.png */ = {isa = PBXFileReference; lastKnownFileType = image.png; path = downvote_selected.png; sourceTree = "<group>"; };
		5593E3C21727BDD700CF9149 /* downvote.png */ = {isa = PBXFileReference; lastKnownFileType = image.png; path = downvote.png; sourceTree = "<group>"; };
		5593E3C31727BDD800CF9149 /* upvote.png */ = {isa = PBXFileReference; lastKnownFileType = image.png; path = upvote.png; sourceTree = "<group>"; };
		5593E3C41727BDD800CF9149 /* upvote_selected.png */ = {isa = PBXFileReference; lastKnownFileType = image.png; path = upvote_selected.png; sourceTree = "<group>"; };
		5595E4E9171D2C45006782DE /* MoviePickerViewController.h */ = {isa = PBXFileReference; fileEncoding = 4; lastKnownFileType = sourcecode.c.h; path = MoviePickerViewController.h; sourceTree = "<group>"; };
		5595E4EA171D2C45006782DE /* MoviePickerViewController.m */ = {isa = PBXFileReference; fileEncoding = 4; lastKnownFileType = sourcecode.c.objc; path = MoviePickerViewController.m; sourceTree = "<group>"; };
		5595E4EC171D3995006782DE /* MovieItemCell.h */ = {isa = PBXFileReference; fileEncoding = 4; lastKnownFileType = sourcecode.c.h; path = MovieItemCell.h; sourceTree = "<group>"; };
		5595E4ED171D3995006782DE /* MovieItemCell.m */ = {isa = PBXFileReference; fileEncoding = 4; lastKnownFileType = sourcecode.c.objc; path = MovieItemCell.m; sourceTree = "<group>"; };
		559673BD17246A3D000E0D52 /* LBYouTube.h */ = {isa = PBXFileReference; fileEncoding = 4; lastKnownFileType = sourcecode.c.h; path = LBYouTube.h; sourceTree = "<group>"; };
		559673BE17246A3D000E0D52 /* LBYouTubeExtractor.h */ = {isa = PBXFileReference; fileEncoding = 4; lastKnownFileType = sourcecode.c.h; path = LBYouTubeExtractor.h; sourceTree = "<group>"; };
		559673BF17246A3D000E0D52 /* LBYouTubeExtractor.m */ = {isa = PBXFileReference; fileEncoding = 4; lastKnownFileType = sourcecode.c.objc; path = LBYouTubeExtractor.m; sourceTree = "<group>"; };
		559673C21724CD96000E0D52 /* loading.gif */ = {isa = PBXFileReference; lastKnownFileType = image.gif; name = loading.gif; path = Graphics/loading.gif; sourceTree = "<group>"; };
		559673C41724CD9F000E0D52 /* youtubeLogo.png */ = {isa = PBXFileReference; lastKnownFileType = image.png; name = youtubeLogo.png; path = Graphics/youtubeLogo.png; sourceTree = "<group>"; };
		5596E08A16F62FB600511D3E /* PacketOtherClientQuit.h */ = {isa = PBXFileReference; fileEncoding = 4; lastKnownFileType = sourcecode.c.h; path = PacketOtherClientQuit.h; sourceTree = "<group>"; };
		5596E08B16F62FB600511D3E /* PacketOtherClientQuit.m */ = {isa = PBXFileReference; fileEncoding = 4; lastKnownFileType = sourcecode.c.objc; path = PacketOtherClientQuit.m; sourceTree = "<group>"; };
		5596E0C816F6746900511D3E /* MediaPlayer.framework */ = {isa = PBXFileReference; lastKnownFileType = wrapper.framework; name = MediaPlayer.framework; path = System/Library/Frameworks/MediaPlayer.framework; sourceTree = SDKROOT; };
		5596E0D616F692CE00511D3E /* AudioToolbox.framework */ = {isa = PBXFileReference; lastKnownFileType = wrapper.framework; name = AudioToolbox.framework; path = System/Library/Frameworks/AudioToolbox.framework; sourceTree = SDKROOT; };
		5596E0D816F692D300511D3E /* MobileCoreServices.framework */ = {isa = PBXFileReference; lastKnownFileType = wrapper.framework; name = MobileCoreServices.framework; path = System/Library/Frameworks/MobileCoreServices.framework; sourceTree = SDKROOT; };
		5596E0DA16F6930600511D3E /* CoreMedia.framework */ = {isa = PBXFileReference; lastKnownFileType = wrapper.framework; name = CoreMedia.framework; path = System/Library/Frameworks/CoreMedia.framework; sourceTree = SDKROOT; };
		5596EDE81717355D00F069FE /* gothic.ttf */ = {isa = PBXFileReference; lastKnownFileType = file; path = gothic.ttf; sourceTree = "<group>"; };
		5597F0631723CDFF00C91952 /* YouTubeTableViewController.h */ = {isa = PBXFileReference; fileEncoding = 4; lastKnownFileType = sourcecode.c.h; path = YouTubeTableViewController.h; sourceTree = "<group>"; };
		5597F0641723CDFF00C91952 /* YouTubeTableViewController.m */ = {isa = PBXFileReference; fileEncoding = 4; lastKnownFileType = sourcecode.c.objc; path = YouTubeTableViewController.m; sourceTree = "<group>"; };
		5597F0661723D12200C91952 /* SBJson.h */ = {isa = PBXFileReference; fileEncoding = 4; lastKnownFileType = sourcecode.c.h; path = SBJson.h; sourceTree = "<group>"; };
		5597F0671723D12200C91952 /* SBJsonParser.h */ = {isa = PBXFileReference; fileEncoding = 4; lastKnownFileType = sourcecode.c.h; path = SBJsonParser.h; sourceTree = "<group>"; };
		5597F0681723D12200C91952 /* SBJsonParser.m */ = {isa = PBXFileReference; fileEncoding = 4; lastKnownFileType = sourcecode.c.objc; path = SBJsonParser.m; sourceTree = "<group>"; };
		5597F0691723D12300C91952 /* SBJsonStreamParser.h */ = {isa = PBXFileReference; fileEncoding = 4; lastKnownFileType = sourcecode.c.h; path = SBJsonStreamParser.h; sourceTree = "<group>"; };
		5597F06A1723D12300C91952 /* SBJsonStreamParser.m */ = {isa = PBXFileReference; fileEncoding = 4; lastKnownFileType = sourcecode.c.objc; path = SBJsonStreamParser.m; sourceTree = "<group>"; };
		5597F06B1723D12300C91952 /* SBJsonStreamParserAccumulator.h */ = {isa = PBXFileReference; fileEncoding = 4; lastKnownFileType = sourcecode.c.h; path = SBJsonStreamParserAccumulator.h; sourceTree = "<group>"; };
		5597F06C1723D12300C91952 /* SBJsonStreamParserAccumulator.m */ = {isa = PBXFileReference; fileEncoding = 4; lastKnownFileType = sourcecode.c.objc; path = SBJsonStreamParserAccumulator.m; sourceTree = "<group>"; };
		5597F06D1723D12300C91952 /* SBJsonStreamParserAdapter.h */ = {isa = PBXFileReference; fileEncoding = 4; lastKnownFileType = sourcecode.c.h; path = SBJsonStreamParserAdapter.h; sourceTree = "<group>"; };
		5597F06E1723D12300C91952 /* SBJsonStreamParserAdapter.m */ = {isa = PBXFileReference; fileEncoding = 4; lastKnownFileType = sourcecode.c.objc; path = SBJsonStreamParserAdapter.m; sourceTree = "<group>"; };
		5597F06F1723D12300C91952 /* SBJsonStreamParserState.h */ = {isa = PBXFileReference; fileEncoding = 4; lastKnownFileType = sourcecode.c.h; path = SBJsonStreamParserState.h; sourceTree = "<group>"; };
		5597F0701723D12300C91952 /* SBJsonStreamParserState.m */ = {isa = PBXFileReference; fileEncoding = 4; lastKnownFileType = sourcecode.c.objc; path = SBJsonStreamParserState.m; sourceTree = "<group>"; };
		5597F0711723D12300C91952 /* SBJsonStreamTokeniser.h */ = {isa = PBXFileReference; fileEncoding = 4; lastKnownFileType = sourcecode.c.h; path = SBJsonStreamTokeniser.h; sourceTree = "<group>"; };
		5597F0721723D12300C91952 /* SBJsonStreamTokeniser.m */ = {isa = PBXFileReference; fileEncoding = 4; lastKnownFileType = sourcecode.c.objc; path = SBJsonStreamTokeniser.m; sourceTree = "<group>"; };
		5597F0731723D12300C91952 /* SBJsonStreamWriter.h */ = {isa = PBXFileReference; fileEncoding = 4; lastKnownFileType = sourcecode.c.h; path = SBJsonStreamWriter.h; sourceTree = "<group>"; };
		5597F0741723D12300C91952 /* SBJsonStreamWriter.m */ = {isa = PBXFileReference; fileEncoding = 4; lastKnownFileType = sourcecode.c.objc; path = SBJsonStreamWriter.m; sourceTree = "<group>"; };
		5597F0751723D12400C91952 /* SBJsonStreamWriterAccumulator.h */ = {isa = PBXFileReference; fileEncoding = 4; lastKnownFileType = sourcecode.c.h; path = SBJsonStreamWriterAccumulator.h; sourceTree = "<group>"; };
		5597F0761723D12400C91952 /* SBJsonStreamWriterAccumulator.m */ = {isa = PBXFileReference; fileEncoding = 4; lastKnownFileType = sourcecode.c.objc; path = SBJsonStreamWriterAccumulator.m; sourceTree = "<group>"; };
		5597F0771723D12400C91952 /* SBJsonStreamWriterState.h */ = {isa = PBXFileReference; fileEncoding = 4; lastKnownFileType = sourcecode.c.h; path = SBJsonStreamWriterState.h; sourceTree = "<group>"; };
		5597F0781723D12400C91952 /* SBJsonStreamWriterState.m */ = {isa = PBXFileReference; fileEncoding = 4; lastKnownFileType = sourcecode.c.objc; path = SBJsonStreamWriterState.m; sourceTree = "<group>"; };
		5597F0791723D12400C91952 /* SBJsonWriter.h */ = {isa = PBXFileReference; fileEncoding = 4; lastKnownFileType = sourcecode.c.h; path = SBJsonWriter.h; sourceTree = "<group>"; };
		5597F07A1723D12400C91952 /* SBJsonWriter.m */ = {isa = PBXFileReference; fileEncoding = 4; lastKnownFileType = sourcecode.c.objc; path = SBJsonWriter.m; sourceTree = "<group>"; };
		5597F0861723DAA500C91952 /* UIImageView+WebCache.h */ = {isa = PBXFileReference; fileEncoding = 4; lastKnownFileType = sourcecode.c.h; path = "UIImageView+WebCache.h"; sourceTree = "<group>"; };
		5597F0871723DAA600C91952 /* UIImageView+WebCache.m */ = {isa = PBXFileReference; fileEncoding = 4; lastKnownFileType = sourcecode.c.objc; path = "UIImageView+WebCache.m"; sourceTree = "<group>"; };
		5597F08C1723DAC300C91952 /* SDImageCache.h */ = {isa = PBXFileReference; fileEncoding = 4; lastKnownFileType = sourcecode.c.h; path = SDImageCache.h; sourceTree = "<group>"; };
		5597F08D1723DAC300C91952 /* SDImageCache.m */ = {isa = PBXFileReference; fileEncoding = 4; lastKnownFileType = sourcecode.c.objc; path = SDImageCache.m; sourceTree = "<group>"; };
		5597F08E1723DAC300C91952 /* SDWebImageCompat.h */ = {isa = PBXFileReference; fileEncoding = 4; lastKnownFileType = sourcecode.c.h; path = SDWebImageCompat.h; sourceTree = "<group>"; };
		5597F08F1723DAC300C91952 /* SDWebImageCompat.m */ = {isa = PBXFileReference; fileEncoding = 4; lastKnownFileType = sourcecode.c.objc; path = SDWebImageCompat.m; sourceTree = "<group>"; };
		5597F0901723DAC300C91952 /* SDWebImageDecoder.h */ = {isa = PBXFileReference; fileEncoding = 4; lastKnownFileType = sourcecode.c.h; path = SDWebImageDecoder.h; sourceTree = "<group>"; };
		5597F0911723DAC300C91952 /* SDWebImageDecoder.m */ = {isa = PBXFileReference; fileEncoding = 4; lastKnownFileType = sourcecode.c.objc; path = SDWebImageDecoder.m; sourceTree = "<group>"; };
		5597F0921723DAC300C91952 /* SDWebImageDownloader.h */ = {isa = PBXFileReference; fileEncoding = 4; lastKnownFileType = sourcecode.c.h; path = SDWebImageDownloader.h; sourceTree = "<group>"; };
		5597F0931723DAC300C91952 /* SDWebImageDownloader.m */ = {isa = PBXFileReference; fileEncoding = 4; lastKnownFileType = sourcecode.c.objc; path = SDWebImageDownloader.m; sourceTree = "<group>"; };
		5597F0941723DAC300C91952 /* SDWebImageDownloaderOperation.h */ = {isa = PBXFileReference; fileEncoding = 4; lastKnownFileType = sourcecode.c.h; path = SDWebImageDownloaderOperation.h; sourceTree = "<group>"; };
		5597F0951723DAC300C91952 /* SDWebImageDownloaderOperation.m */ = {isa = PBXFileReference; fileEncoding = 4; lastKnownFileType = sourcecode.c.objc; path = SDWebImageDownloaderOperation.m; sourceTree = "<group>"; };
		5597F0961723DAC300C91952 /* SDWebImageManager.h */ = {isa = PBXFileReference; fileEncoding = 4; lastKnownFileType = sourcecode.c.h; path = SDWebImageManager.h; sourceTree = "<group>"; };
		5597F0971723DAC300C91952 /* SDWebImageManager.m */ = {isa = PBXFileReference; fileEncoding = 4; lastKnownFileType = sourcecode.c.objc; path = SDWebImageManager.m; sourceTree = "<group>"; };
		5597F0981723DAC300C91952 /* SDWebImageOperation.h */ = {isa = PBXFileReference; fileEncoding = 4; lastKnownFileType = sourcecode.c.h; path = SDWebImageOperation.h; sourceTree = "<group>"; };
		5597F0991723DAC300C91952 /* SDWebImagePrefetcher.h */ = {isa = PBXFileReference; fileEncoding = 4; lastKnownFileType = sourcecode.c.h; path = SDWebImagePrefetcher.h; sourceTree = "<group>"; };
		5597F09A1723DAC300C91952 /* SDWebImagePrefetcher.m */ = {isa = PBXFileReference; fileEncoding = 4; lastKnownFileType = sourcecode.c.objc; path = SDWebImagePrefetcher.m; sourceTree = "<group>"; };
		5597F09B1723DAC300C91952 /* UIButton+WebCache.h */ = {isa = PBXFileReference; fileEncoding = 4; lastKnownFileType = sourcecode.c.h; path = "UIButton+WebCache.h"; sourceTree = "<group>"; };
		5597F09C1723DAC400C91952 /* UIButton+WebCache.m */ = {isa = PBXFileReference; fileEncoding = 4; lastKnownFileType = sourcecode.c.objc; path = "UIButton+WebCache.m"; sourceTree = "<group>"; };
		559A50F1173034F400F356A9 /* icon_lowres.png */ = {isa = PBXFileReference; lastKnownFileType = image.png; path = icon_lowres.png; sourceTree = "<group>"; };
		559A50F3173034F900F356A9 /* icon_highres.png */ = {isa = PBXFileReference; lastKnownFileType = image.png; path = icon_highres.png; sourceTree = "<group>"; };
		559AAB33172ED81A006757C5 /* MenuViewController.h */ = {isa = PBXFileReference; fileEncoding = 4; lastKnownFileType = sourcecode.c.h; path = MenuViewController.h; sourceTree = "<group>"; };
		559AAB34172ED81A006757C5 /* MenuViewController.m */ = {isa = PBXFileReference; fileEncoding = 4; lastKnownFileType = sourcecode.c.objc; path = MenuViewController.m; sourceTree = "<group>"; };
		559ADC77172369B200F5EBE5 /* PacketPlayMusic.h */ = {isa = PBXFileReference; fileEncoding = 4; lastKnownFileType = sourcecode.c.h; path = PacketPlayMusic.h; sourceTree = "<group>"; };
		559ADC78172369B200F5EBE5 /* PacketPlayMusic.m */ = {isa = PBXFileReference; fileEncoding = 4; lastKnownFileType = sourcecode.c.objc; path = PacketPlayMusic.m; sourceTree = "<group>"; };
		559AEADA1730B9BB00EF903B /* purple_gradient.png */ = {isa = PBXFileReference; lastKnownFileType = image.png; path = purple_gradient.png; sourceTree = "<group>"; };
		559AEADE1730BBF500EF903B /* purple_gradient2.png */ = {isa = PBXFileReference; lastKnownFileType = image.png; path = purple_gradient2.png; sourceTree = "<group>"; };
		559D6B851711EC2000C591D8 /* bgGreyImg.png */ = {isa = PBXFileReference; lastKnownFileType = image.png; name = bgGreyImg.png; path = Graphics/bgGreyImg.png; sourceTree = "<group>"; };
		559D6B861711EC2000C591D8 /* cancel.png */ = {isa = PBXFileReference; lastKnownFileType = image.png; name = cancel.png; path = Graphics/cancel.png; sourceTree = "<group>"; };
		559D6B8A1711EC2000C591D8 /* music symbol-01.png */ = {isa = PBXFileReference; lastKnownFileType = image.png; name = "music symbol-01.png"; path = "Graphics/music symbol-01.png"; sourceTree = "<group>"; };
		559D6B9A17120A2900C591D8 /* UIImage+animatedGIF.h */ = {isa = PBXFileReference; fileEncoding = 4; lastKnownFileType = sourcecode.c.h; path = "UIImage+animatedGIF.h"; sourceTree = "<group>"; };
		559D6B9B17120A2900C591D8 /* UIImage+animatedGIF.m */ = {isa = PBXFileReference; fileEncoding = 4; lastKnownFileType = sourcecode.c.objc; path = "UIImage+animatedGIF.m"; sourceTree = "<group>"; };
		559D6B9D17120A5100C591D8 /* ImageIO.framework */ = {isa = PBXFileReference; lastKnownFileType = wrapper.framework; name = ImageIO.framework; path = System/Library/Frameworks/ImageIO.framework; sourceTree = SDKROOT; };
		559E887617283CD400CAE248 /* UIButton+Extensions.h */ = {isa = PBXFileReference; fileEncoding = 4; lastKnownFileType = sourcecode.c.h; name = "UIButton+Extensions.h"; path = "AirShare2/UIButton+Extensions.h"; sourceTree = "<group>"; };
		559E887717283CD500CAE248 /* UIButton+Extensions.m */ = {isa = PBXFileReference; fileEncoding = 4; lastKnownFileType = sourcecode.c.objc; name = "UIButton+Extensions.m"; path = "AirShare2/UIButton+Extensions.m"; sourceTree = "<group>"; };
		55A28DB4171E5C60001E757E /* CustomMovieController.h */ = {isa = PBXFileReference; fileEncoding = 4; lastKnownFileType = sourcecode.c.h; path = CustomMovieController.h; sourceTree = "<group>"; };
		55A28DB5171E5C60001E757E /* CustomMovieController.m */ = {isa = PBXFileReference; fileEncoding = 4; lastKnownFileType = sourcecode.c.objc; path = CustomMovieController.m; sourceTree = "<group>"; };
		55FCC54916ED3D4C0000BCBD /* airShare.app */ = {isa = PBXFileReference; explicitFileType = wrapper.application; includeInIndex = 0; path = airShare.app; sourceTree = BUILT_PRODUCTS_DIR; };
		55FCC54C16ED3D4C0000BCBD /* UIKit.framework */ = {isa = PBXFileReference; lastKnownFileType = wrapper.framework; name = UIKit.framework; path = System/Library/Frameworks/UIKit.framework; sourceTree = SDKROOT; };
		55FCC54E16ED3D4C0000BCBD /* Foundation.framework */ = {isa = PBXFileReference; lastKnownFileType = wrapper.framework; name = Foundation.framework; path = System/Library/Frameworks/Foundation.framework; sourceTree = SDKROOT; };
		55FCC55016ED3D4C0000BCBD /* CoreGraphics.framework */ = {isa = PBXFileReference; lastKnownFileType = wrapper.framework; name = CoreGraphics.framework; path = System/Library/Frameworks/CoreGraphics.framework; sourceTree = SDKROOT; };
		55FCC55416ED3D4C0000BCBD /* AirShare2-Info.plist */ = {isa = PBXFileReference; lastKnownFileType = text.plist.xml; path = "AirShare2-Info.plist"; sourceTree = "<group>"; };
		55FCC55616ED3D4C0000BCBD /* en */ = {isa = PBXFileReference; lastKnownFileType = text.plist.strings; name = en; path = en.lproj/InfoPlist.strings; sourceTree = "<group>"; };
		55FCC55816ED3D4C0000BCBD /* main.m */ = {isa = PBXFileReference; lastKnownFileType = sourcecode.c.objc; path = main.m; sourceTree = "<group>"; };
		55FCC55A16ED3D4C0000BCBD /* AirShare2-Prefix.pch */ = {isa = PBXFileReference; lastKnownFileType = sourcecode.c.h; path = "AirShare2-Prefix.pch"; sourceTree = "<group>"; };
		55FCC55B16ED3D4C0000BCBD /* AppDelegate.h */ = {isa = PBXFileReference; lastKnownFileType = sourcecode.c.h; path = AppDelegate.h; sourceTree = "<group>"; };
		55FCC55C16ED3D4C0000BCBD /* AppDelegate.m */ = {isa = PBXFileReference; lastKnownFileType = sourcecode.c.objc; path = AppDelegate.m; sourceTree = "<group>"; };
		55FCC55E16ED3D4C0000BCBD /* Default.png */ = {isa = PBXFileReference; lastKnownFileType = image.png; path = Default.png; sourceTree = "<group>"; };
		55FCC56016ED3D4C0000BCBD /* Default@2x.png */ = {isa = PBXFileReference; lastKnownFileType = image.png; path = "Default@2x.png"; sourceTree = "<group>"; };
		55FCC56216ED3D4C0000BCBD /* Default-568h@2x.png */ = {isa = PBXFileReference; lastKnownFileType = image.png; path = "Default-568h@2x.png"; sourceTree = "<group>"; };
		55FCC56516ED3D4C0000BCBD /* en */ = {isa = PBXFileReference; lastKnownFileType = file.storyboard; name = en; path = en.lproj/MainStoryboard_iPhone.storyboard; sourceTree = "<group>"; };
		55FCC57216ED3D860000BCBD /* AVFoundation.framework */ = {isa = PBXFileReference; lastKnownFileType = wrapper.framework; name = AVFoundation.framework; path = System/Library/Frameworks/AVFoundation.framework; sourceTree = SDKROOT; };
		55FCC57416ED3D8C0000BCBD /* GameKit.framework */ = {isa = PBXFileReference; lastKnownFileType = wrapper.framework; name = GameKit.framework; path = System/Library/Frameworks/GameKit.framework; sourceTree = SDKROOT; };
		55FCC57616ED3DA20000BCBD /* MainViewController.h */ = {isa = PBXFileReference; fileEncoding = 4; lastKnownFileType = sourcecode.c.h; path = MainViewController.h; sourceTree = "<group>"; };
		55FCC57716ED3DA20000BCBD /* MainViewController.m */ = {isa = PBXFileReference; fileEncoding = 4; lastKnownFileType = sourcecode.c.objc; path = MainViewController.m; sourceTree = "<group>"; };
		55FCC5B116ED3E0C0000BCBD /* MatchmakingServer.h */ = {isa = PBXFileReference; fileEncoding = 4; lastKnownFileType = sourcecode.c.h; path = MatchmakingServer.h; sourceTree = "<group>"; };
		55FCC5B216ED3E0D0000BCBD /* MatchmakingServer.m */ = {isa = PBXFileReference; fileEncoding = 4; lastKnownFileType = sourcecode.c.objc; path = MatchmakingServer.m; sourceTree = "<group>"; };
		55FCC5B416ED3E360000BCBD /* MatchmakingClient.h */ = {isa = PBXFileReference; fileEncoding = 4; lastKnownFileType = sourcecode.c.h; path = MatchmakingClient.h; sourceTree = "<group>"; };
		55FCC5B516ED3E360000BCBD /* MatchmakingClient.m */ = {isa = PBXFileReference; fileEncoding = 4; lastKnownFileType = sourcecode.c.objc; path = MatchmakingClient.m; sourceTree = "<group>"; };
		55FCC5B916ED60460000BCBD /* GameViewController.h */ = {isa = PBXFileReference; fileEncoding = 4; lastKnownFileType = sourcecode.c.h; path = GameViewController.h; sourceTree = "<group>"; };
		55FCC5BA16ED60460000BCBD /* GameViewController.m */ = {isa = PBXFileReference; fileEncoding = 4; lastKnownFileType = sourcecode.c.objc; path = GameViewController.m; sourceTree = "<group>"; };
		55FCC5BC16ED62640000BCBD /* Game.h */ = {isa = PBXFileReference; fileEncoding = 4; lastKnownFileType = sourcecode.c.h; path = Game.h; sourceTree = "<group>"; };
		55FCC5BD16ED62640000BCBD /* Game.m */ = {isa = PBXFileReference; fileEncoding = 4; lastKnownFileType = sourcecode.c.objc; lineEnding = 0; path = Game.m; sourceTree = "<group>"; xcLanguageSpecificationIdentifier = xcode.lang.objc; };
		55FCC5C016ED78E80000BCBD /* Player.h */ = {isa = PBXFileReference; fileEncoding = 4; lastKnownFileType = sourcecode.c.h; path = Player.h; sourceTree = "<group>"; };
		55FCC5C116ED78E80000BCBD /* Player.m */ = {isa = PBXFileReference; fileEncoding = 4; lastKnownFileType = sourcecode.c.objc; path = Player.m; sourceTree = "<group>"; };
		55FCC5C316ED79C70000BCBD /* Packet.h */ = {isa = PBXFileReference; fileEncoding = 4; lastKnownFileType = sourcecode.c.h; path = Packet.h; sourceTree = "<group>"; };
		55FCC5C416ED79C70000BCBD /* Packet.m */ = {isa = PBXFileReference; fileEncoding = 4; lastKnownFileType = sourcecode.c.objc; path = Packet.m; sourceTree = "<group>"; };
		55FCC5C616ED7A5E0000BCBD /* NSData+AirShareAdditions.h */ = {isa = PBXFileReference; fileEncoding = 4; lastKnownFileType = sourcecode.c.h; path = "NSData+AirShareAdditions.h"; sourceTree = "<group>"; };
		55FCC5C716ED7A5E0000BCBD /* NSData+AirShareAdditions.m */ = {isa = PBXFileReference; fileEncoding = 4; lastKnownFileType = sourcecode.c.objc; path = "NSData+AirShareAdditions.m"; sourceTree = "<group>"; };
		892464DB172CCA7D00C4ABB6 /* Default.png */ = {isa = PBXFileReference; lastKnownFileType = image.png; path = Default.png; sourceTree = "<group>"; };
		892464DD172CCAA000C4ABB6 /* Default-568h@2x.png */ = {isa = PBXFileReference; lastKnownFileType = image.png; path = "Default-568h@2x.png"; sourceTree = "<group>"; };
		892464DF172CCAB300C4ABB6 /* Default@2x.png */ = {isa = PBXFileReference; lastKnownFileType = image.png; path = "Default@2x.png"; sourceTree = "<group>"; };
		892464E1172D9D1400C4ABB6 /* airshare.png */ = {isa = PBXFileReference; lastKnownFileType = image.png; path = airshare.png; sourceTree = "<group>"; };
		892C64C61738C5260038A0E2 /* movieIcon-01.png */ = {isa = PBXFileReference; lastKnownFileType = image.png; path = "movieIcon-01.png"; sourceTree = "<group>"; };
		892C64C81738C52E0038A0E2 /* musicIcon-01.png */ = {isa = PBXFileReference; lastKnownFileType = image.png; path = "musicIcon-01.png"; sourceTree = "<group>"; };
		892C64CA1738C8100038A0E2 /* upvote-01.png */ = {isa = PBXFileReference; lastKnownFileType = image.png; path = "upvote-01.png"; sourceTree = "<group>"; };
		892C64CC1738C8400038A0E2 /* upvoteSelected-01.png */ = {isa = PBXFileReference; lastKnownFileType = image.png; path = "upvoteSelected-01.png"; sourceTree = "<group>"; };
		89A3E9F3172B245700CD6203 /* extrafullVolume-01.png */ = {isa = PBXFileReference; lastKnownFileType = image.png; path = "extrafullVolume-01.png"; sourceTree = "<group>"; };
		89A3E9F7172B2BCE00CD6203 /* fullVolume-01.png */ = {isa = PBXFileReference; lastKnownFileType = image.png; path = "fullVolume-01.png"; sourceTree = "<group>"; };
		89A3E9F8172B2BCE00CD6203 /* lowVolume-01.png */ = {isa = PBXFileReference; lastKnownFileType = image.png; path = "lowVolume-01.png"; sourceTree = "<group>"; };
		89A3E9F9172B2BCE00CD6203 /* muteVolume-01.png */ = {isa = PBXFileReference; lastKnownFileType = image.png; path = "muteVolume-01.png"; sourceTree = "<group>"; };
		89B257DE16F140D30018695A /* QuartzCore.framework */ = {isa = PBXFileReference; lastKnownFileType = wrapper.framework; name = QuartzCore.framework; path = System/Library/Frameworks/QuartzCore.framework; sourceTree = SDKROOT; };
		89C016AE1714B545003F0B26 /* MarqueeLabel.h */ = {isa = PBXFileReference; lastKnownFileType = sourcecode.c.h; path = MarqueeLabel.h; sourceTree = "<group>"; };
		89C016AF1714B545003F0B26 /* MarqueeLabel.m */ = {isa = PBXFileReference; lastKnownFileType = sourcecode.c.objc; path = MarqueeLabel.m; sourceTree = "<group>"; };
		89CD82AE1727278900A4BDCD /* EGORefreshTableHeaderView.h */ = {isa = PBXFileReference; lastKnownFileType = sourcecode.c.h; path = EGORefreshTableHeaderView.h; sourceTree = "<group>"; };
		89CD82AF1727278900A4BDCD /* EGORefreshTableHeaderView.m */ = {isa = PBXFileReference; lastKnownFileType = sourcecode.c.objc; path = EGORefreshTableHeaderView.m; sourceTree = "<group>"; };
		89E477271712837C00DE9ECE /* game.png */ = {isa = PBXFileReference; lastKnownFileType = image.png; name = game.png; path = Graphics/game.png; sourceTree = "<group>"; };
		89E4772D17128F9700DE9ECE /* movies-01.png */ = {isa = PBXFileReference; lastKnownFileType = image.png; name = "movies-01.png"; path = "Graphics/movies-01.png"; sourceTree = "<group>"; };
		89FA021A175A9F7500F7B070 /* frostedBG.png */ = {isa = PBXFileReference; lastKnownFileType = image.png; path = frostedBG.png; sourceTree = "<group>"; };
		89FA021C175ACBE700F7B070 /* metalHolesIP5.png */ = {isa = PBXFileReference; lastKnownFileType = image.png; path = metalHolesIP5.png; sourceTree = "<group>"; };
		89FA021E175AD05E00F7B070 /* frostedBGip4.png */ = {isa = PBXFileReference; lastKnownFileType = image.png; path = frostedBGip4.png; sourceTree = "<group>"; };
		89FA0220175AD86400F7B070 /* tapformedia-01-01.png */ = {isa = PBXFileReference; lastKnownFileType = image.png; path = "tapformedia-01-01.png"; sourceTree = "<group>"; };
		89FA0222175AD8C000F7B070 /* swipeforusers-01-01.png */ = {isa = PBXFileReference; lastKnownFileType = image.png; path = "swipeforusers-01-01.png"; sourceTree = "<group>"; };
		89FA0224175AD8FD00F7B070 /* sync-01.png */ = {isa = PBXFileReference; lastKnownFileType = image.png; path = "sync-01.png"; sourceTree = "<group>"; };
		89FA0226175AD91800F7B070 /* skip-01.png */ = {isa = PBXFileReference; lastKnownFileType = image.png; path = "skip-01.png"; sourceTree = "<group>"; };
		89FA0228175AD93700F7B070 /* eye-01.png */ = {isa = PBXFileReference; lastKnownFileType = image.png; path = "eye-01.png"; sourceTree = "<group>"; };
		89FA022E175AE0FE00F7B070 /* synced-01.png */ = {isa = PBXFileReference; lastKnownFileType = image.png; path = "synced-01.png"; sourceTree = "<group>"; };
		89FA0230175AE6DA00F7B070 /* exit-01.png */ = {isa = PBXFileReference; lastKnownFileType = image.png; path = "exit-01.png"; sourceTree = "<group>"; };
		EAB726351711EFDB0084D2CC /* PacketCancelMusic.h */ = {isa = PBXFileReference; fileEncoding = 4; lastKnownFileType = sourcecode.c.h; path = PacketCancelMusic.h; sourceTree = "<group>"; };
		EAB726361711EFDC0084D2CC /* PacketCancelMusic.m */ = {isa = PBXFileReference; fileEncoding = 4; lastKnownFileType = sourcecode.c.objc; path = PacketCancelMusic.m; sourceTree = "<group>"; };
/* End PBXFileReference section */

/* Begin PBXFrameworksBuildPhase section */
		55FCC54616ED3D4C0000BCBD /* Frameworks */ = {
			isa = PBXFrameworksBuildPhase;
			buildActionMask = 2147483647;
			files = (
				559D6B9E17120A5100C591D8 /* ImageIO.framework in Frameworks */,
				5592FEFD1700D65B0038ED40 /* CoreAudio.framework in Frameworks */,
				5590969016FF6553004149A0 /* SystemConfiguration.framework in Frameworks */,
				5590968E16FF64A5004149A0 /* MobileCoreServices.framework in Frameworks */,
				5590968D16FF63C5004149A0 /* CFNetwork.framework in Frameworks */,
				5596E0DB16F6930700511D3E /* CoreMedia.framework in Frameworks */,
				5596E0D716F692CE00511D3E /* AudioToolbox.framework in Frameworks */,
				5596E0C916F6746900511D3E /* MediaPlayer.framework in Frameworks */,
				89B257DF16F140D30018695A /* QuartzCore.framework in Frameworks */,
				55FCC57516ED3D8C0000BCBD /* GameKit.framework in Frameworks */,
				55FCC57316ED3D860000BCBD /* AVFoundation.framework in Frameworks */,
				55FCC54D16ED3D4C0000BCBD /* UIKit.framework in Frameworks */,
				55FCC54F16ED3D4C0000BCBD /* Foundation.framework in Frameworks */,
				55FCC55116ED3D4C0000BCBD /* CoreGraphics.framework in Frameworks */,
			);
			runOnlyForDeploymentPostprocessing = 0;
		};
/* End PBXFrameworksBuildPhase section */

/* Begin PBXGroup section */
		558E0D651704DE3800BF230D /* UI */ = {
			isa = PBXGroup;
			children = (
				558F735C1720C6B40048F78F /* PlayerView.h */,
				558F735D1720C6B50048F78F /* PlayerView.m */,
				558E0D621704DE3100BF230D /* PlaylistItemCell.h */,
				558E0D631704DE3100BF230D /* PlaylistItemCell.m */,
				5595E4EC171D3995006782DE /* MovieItemCell.h */,
				5595E4ED171D3995006782DE /* MovieItemCell.m */,
			);
			name = UI;
			sourceTree = "<group>";
		};
		558E14B816F185780076F6FC /* Fonts */ = {
			isa = PBXGroup;
			children = (
				5596EDE81717355D00F069FE /* gothic.ttf */,
				558E14B316F185600076F6FC /* CenturyGothicStd-Bold.otf */,
				558E14B416F185600076F6FC /* CenturyGothicStd.otf */,
			);
			name = Fonts;
			sourceTree = "<group>";
		};
		5590968816FF5E9B004149A0 /* AFNetworking */ = {
			isa = PBXGroup;
			children = (
				559096AC16FFB3DE004149A0 /* AFHTTPClient.h */,
				559096AD16FFB3DE004149A0 /* AFHTTPClient.m */,
				559096AE16FFB3DE004149A0 /* AFHTTPRequestOperation.h */,
				559096AF16FFB3DE004149A0 /* AFHTTPRequestOperation.m */,
				559096B016FFB3DE004149A0 /* AFImageRequestOperation.h */,
				559096B116FFB3DE004149A0 /* AFImageRequestOperation.m */,
				559096B216FFB3DE004149A0 /* AFJSONRequestOperation.h */,
				559096B316FFB3DE004149A0 /* AFJSONRequestOperation.m */,
				559096B416FFB3DE004149A0 /* AFNetworkActivityIndicatorManager.h */,
				559096B516FFB3DE004149A0 /* AFNetworkActivityIndicatorManager.m */,
				559096B616FFB3DE004149A0 /* AFNetworking.h */,
				559096B716FFB3DE004149A0 /* AFPropertyListRequestOperation.h */,
				559096B816FFB3DE004149A0 /* AFPropertyListRequestOperation.m */,
				559096B916FFB3DE004149A0 /* AFURLConnectionOperation.h */,
				559096BA16FFB3DE004149A0 /* AFURLConnectionOperation.m */,
				559096BB16FFB3DE004149A0 /* AFXMLRequestOperation.h */,
				559096BC16FFB3DE004149A0 /* AFXMLRequestOperation.m */,
				559096BD16FFB3DE004149A0 /* UIImageView+AFNetworking.h */,
				559096BE16FFB3DE004149A0 /* UIImageView+AFNetworking.m */,
			);
			name = AFNetworking;
			sourceTree = "<group>";
		};
		5592DE84170BAAA500C766B0 /* ECSlidingViewController */ = {
			isa = PBXGroup;
			children = (
				5592DE7E170BAA9F00C766B0 /* ECSlidingViewController.h */,
				5592DE7F170BAA9F00C766B0 /* ECSlidingViewController.m */,
				5592DE80170BAA9F00C766B0 /* UIImage+ImageWithUIView.h */,
				5592DE81170BAA9F00C766B0 /* UIImage+ImageWithUIView.m */,
			);
			name = ECSlidingViewController;
			sourceTree = "<group>";
		};
		559673C117246A51000E0D52 /* LBYouTube */ = {
			isa = PBXGroup;
			children = (
				559673BD17246A3D000E0D52 /* LBYouTube.h */,
				559673BE17246A3D000E0D52 /* LBYouTubeExtractor.h */,
				559673BF17246A3D000E0D52 /* LBYouTubeExtractor.m */,
			);
			name = LBYouTube;
			sourceTree = "<group>";
		};
		5597F0851723D12A00C91952 /* SBJson */ = {
			isa = PBXGroup;
			children = (
				5597F0661723D12200C91952 /* SBJson.h */,
				5597F0671723D12200C91952 /* SBJsonParser.h */,
				5597F0681723D12200C91952 /* SBJsonParser.m */,
				5597F0691723D12300C91952 /* SBJsonStreamParser.h */,
				5597F06A1723D12300C91952 /* SBJsonStreamParser.m */,
				5597F06B1723D12300C91952 /* SBJsonStreamParserAccumulator.h */,
				5597F06C1723D12300C91952 /* SBJsonStreamParserAccumulator.m */,
				5597F06D1723D12300C91952 /* SBJsonStreamParserAdapter.h */,
				5597F06E1723D12300C91952 /* SBJsonStreamParserAdapter.m */,
				5597F06F1723D12300C91952 /* SBJsonStreamParserState.h */,
				5597F0701723D12300C91952 /* SBJsonStreamParserState.m */,
				5597F0711723D12300C91952 /* SBJsonStreamTokeniser.h */,
				5597F0721723D12300C91952 /* SBJsonStreamTokeniser.m */,
				5597F0731723D12300C91952 /* SBJsonStreamWriter.h */,
				5597F0741723D12300C91952 /* SBJsonStreamWriter.m */,
				5597F0751723D12400C91952 /* SBJsonStreamWriterAccumulator.h */,
				5597F0761723D12400C91952 /* SBJsonStreamWriterAccumulator.m */,
				5597F0771723D12400C91952 /* SBJsonStreamWriterState.h */,
				5597F0781723D12400C91952 /* SBJsonStreamWriterState.m */,
				5597F0791723D12400C91952 /* SBJsonWriter.h */,
				5597F07A1723D12400C91952 /* SBJsonWriter.m */,
			);
			name = SBJson;
			sourceTree = "<group>";
		};
		5597F0891723DAAB00C91952 /* SDImageCache */ = {
			isa = PBXGroup;
			children = (
				5597F08C1723DAC300C91952 /* SDImageCache.h */,
				5597F08D1723DAC300C91952 /* SDImageCache.m */,
				5597F08E1723DAC300C91952 /* SDWebImageCompat.h */,
				5597F08F1723DAC300C91952 /* SDWebImageCompat.m */,
				5597F0901723DAC300C91952 /* SDWebImageDecoder.h */,
				5597F0911723DAC300C91952 /* SDWebImageDecoder.m */,
				5597F0921723DAC300C91952 /* SDWebImageDownloader.h */,
				5597F0931723DAC300C91952 /* SDWebImageDownloader.m */,
				5597F0941723DAC300C91952 /* SDWebImageDownloaderOperation.h */,
				5597F0951723DAC300C91952 /* SDWebImageDownloaderOperation.m */,
				5597F0961723DAC300C91952 /* SDWebImageManager.h */,
				5597F0971723DAC300C91952 /* SDWebImageManager.m */,
				5597F0981723DAC300C91952 /* SDWebImageOperation.h */,
				5597F0991723DAC300C91952 /* SDWebImagePrefetcher.h */,
				5597F09A1723DAC300C91952 /* SDWebImagePrefetcher.m */,
				5597F09B1723DAC300C91952 /* UIButton+WebCache.h */,
				5597F09C1723DAC400C91952 /* UIButton+WebCache.m */,
				5597F0861723DAA500C91952 /* UIImageView+WebCache.h */,
				5597F0871723DAA600C91952 /* UIImageView+WebCache.m */,
			);
			name = SDImageCache;
			sourceTree = "<group>";
		};
		5597F0A61723DCC600C91952 /* Libraries */ = {
			isa = PBXGroup;
			children = (
				5592DE84170BAAA500C766B0 /* ECSlidingViewController */,
				559E887917283F4300CAE248 /* EGORefreshTableHeaderView */,
				559E887A17283F4D00CAE248 /* MarqueeLabel */,
				559673C117246A51000E0D52 /* LBYouTube */,
				5597F0891723DAAB00C91952 /* SDImageCache */,
				5597F0851723D12A00C91952 /* SBJson */,
				5590968816FF5E9B004149A0 /* AFNetworking */,
			);
			name = Libraries;
			sourceTree = "<group>";
		};
		559E887917283F4300CAE248 /* EGORefreshTableHeaderView */ = {
			isa = PBXGroup;
			children = (
				89CD82AE1727278900A4BDCD /* EGORefreshTableHeaderView.h */,
				89CD82AF1727278900A4BDCD /* EGORefreshTableHeaderView.m */,
			);
			name = EGORefreshTableHeaderView;
			sourceTree = "<group>";
		};
		559E887A17283F4D00CAE248 /* MarqueeLabel */ = {
			isa = PBXGroup;
			children = (
				89C016AE1714B545003F0B26 /* MarqueeLabel.h */,
				89C016AF1714B545003F0B26 /* MarqueeLabel.m */,
			);
			name = MarqueeLabel;
			sourceTree = "<group>";
		};
		55FCC54016ED3D4C0000BCBD = {
			isa = PBXGroup;
			children = (
				EA18C2001707E1A4008F5DAF /* Graphics */,
				5597F0A61723DCC600C91952 /* Libraries */,
				55FCC5C916ED7A620000BCBD /* AirShareAdditions */,
				55FCC5BF16ED62680000BCBD /* DataModel */,
				55FCC5B816ED3E6E0000BCBD /* Networking */,
				558E0D651704DE3800BF230D /* UI */,
				55FCC5B716ED3E5A0000BCBD /* ViewControllers */,
				55FCC55216ED3D4C0000BCBD /* AirShare2 */,
				55FCC54B16ED3D4C0000BCBD /* Frameworks */,
				55FCC54A16ED3D4C0000BCBD /* Products */,
			);
			sourceTree = "<group>";
		};
		55FCC54A16ED3D4C0000BCBD /* Products */ = {
			isa = PBXGroup;
			children = (
				55FCC54916ED3D4C0000BCBD /* airShare.app */,
			);
			name = Products;
			sourceTree = "<group>";
		};
		55FCC54B16ED3D4C0000BCBD /* Frameworks */ = {
			isa = PBXGroup;
			children = (
				559D6B9D17120A5100C591D8 /* ImageIO.framework */,
				5592FEFC1700D65B0038ED40 /* CoreAudio.framework */,
				5590968F16FF6553004149A0 /* SystemConfiguration.framework */,
				5590968C16FF63C5004149A0 /* CFNetwork.framework */,
				5596E0DA16F6930600511D3E /* CoreMedia.framework */,
				5596E0D816F692D300511D3E /* MobileCoreServices.framework */,
				5596E0D616F692CE00511D3E /* AudioToolbox.framework */,
				5596E0C816F6746900511D3E /* MediaPlayer.framework */,
				89B257DE16F140D30018695A /* QuartzCore.framework */,
				55FCC57416ED3D8C0000BCBD /* GameKit.framework */,
				55FCC57216ED3D860000BCBD /* AVFoundation.framework */,
				55FCC54C16ED3D4C0000BCBD /* UIKit.framework */,
				55FCC54E16ED3D4C0000BCBD /* Foundation.framework */,
				55FCC55016ED3D4C0000BCBD /* CoreGraphics.framework */,
			);
			name = Frameworks;
			sourceTree = "<group>";
		};
		55FCC55216ED3D4C0000BCBD /* AirShare2 */ = {
			isa = PBXGroup;
			children = (
				892464DF172CCAB300C4ABB6 /* Default@2x.png */,
				892464DD172CCAA000C4ABB6 /* Default-568h@2x.png */,
				892464DB172CCA7D00C4ABB6 /* Default.png */,
				55FCC55B16ED3D4C0000BCBD /* AppDelegate.h */,
				55FCC55C16ED3D4C0000BCBD /* AppDelegate.m */,
				55FCC56416ED3D4C0000BCBD /* MainStoryboard_iPhone.storyboard */,
				55FCC55316ED3D4C0000BCBD /* Supporting Files */,
			);
			path = AirShare2;
			sourceTree = "<group>";
		};
		55FCC55316ED3D4C0000BCBD /* Supporting Files */ = {
			isa = PBXGroup;
			children = (
				5593E3BB1727170600CF9149 /* empty.mp3 */,
				558E14B816F185780076F6FC /* Fonts */,
				55FCC55416ED3D4C0000BCBD /* AirShare2-Info.plist */,
				55FCC55516ED3D4C0000BCBD /* InfoPlist.strings */,
				55FCC55816ED3D4C0000BCBD /* main.m */,
				55FCC55A16ED3D4C0000BCBD /* AirShare2-Prefix.pch */,
				55FCC55E16ED3D4C0000BCBD /* Default.png */,
				55FCC56016ED3D4C0000BCBD /* Default@2x.png */,
				55FCC56216ED3D4C0000BCBD /* Default-568h@2x.png */,
			);
			name = "Supporting Files";
			sourceTree = "<group>";
		};
		55FCC5B716ED3E5A0000BCBD /* ViewControllers */ = {
			isa = PBXGroup;
			children = (
				55FCC5B916ED60460000BCBD /* GameViewController.h */,
				55FCC5BA16ED60460000BCBD /* GameViewController.m */,
				559AAB33172ED81A006757C5 /* MenuViewController.h */,
				559AAB34172ED81A006757C5 /* MenuViewController.m */,
				55FCC57616ED3DA20000BCBD /* MainViewController.h */,
				55FCC57716ED3DA20000BCBD /* MainViewController.m */,
				55A28DB4171E5C60001E757E /* CustomMovieController.h */,
				55A28DB5171E5C60001E757E /* CustomMovieController.m */,
				5595E4E9171D2C45006782DE /* MoviePickerViewController.h */,
				5595E4EA171D2C45006782DE /* MoviePickerViewController.m */,
				5597F0631723CDFF00C91952 /* YouTubeTableViewController.h */,
				5597F0641723CDFF00C91952 /* YouTubeTableViewController.m */,
			);
			name = ViewControllers;
			sourceTree = "<group>";
		};
		55FCC5B816ED3E6E0000BCBD /* Networking */ = {
			isa = PBXGroup;
			children = (
				55FCC5C316ED79C70000BCBD /* Packet.h */,
				55FCC5C416ED79C70000BCBD /* Packet.m */,
				558E14A916F182480076F6FC /* PacketSignIn.h */,
				558E14AA16F182480076F6FC /* PacketSignIn.m */,
				552CDD20170279BF003CA4EB /* PacketGameState.h */,
				552CDD21170279BF003CA4EB /* PacketGameState.m */,
				5596E08A16F62FB600511D3E /* PacketOtherClientQuit.h */,
				5596E08B16F62FB600511D3E /* PacketOtherClientQuit.m */,
				EAB726351711EFDB0084D2CC /* PacketCancelMusic.h */,
				EAB726361711EFDC0084D2CC /* PacketCancelMusic.m */,
				558B71D71708EF29004E05D5 /* PacketMusicDownload.h */,
				558B71D81708EF29004E05D5 /* PacketMusicDownload.m */,
				552CDD1D17026493003CA4EB /* PacketMusicResponse.h */,
				552CDD1E17026493003CA4EB /* PacketMusicResponse.m */,
				558B71DA1708EF34004E05D5 /* PacketPlaylistItem.h */,
				558B71DB1708EF34004E05D5 /* PacketPlaylistItem.m */,
				559ADC77172369B200F5EBE5 /* PacketPlayMusic.h */,
				559ADC78172369B200F5EBE5 /* PacketPlayMusic.m */,
				55453435171124EB00B4704F /* PacketSyncResponse.h */,
				55453436171124EB00B4704F /* PacketSyncResponse.m */,
				5591DC7B1703669A0086BC99 /* PacketVote.h */,
				5591DC7C1703669A0086BC99 /* PacketVote.m */,
				5590968916FF5ED4004149A0 /* MusicUpload.h */,
				5590968A16FF5ED4004149A0 /* MusicUpload.m */,
				559096C816FFE28A004149A0 /* MusicDownload.h */,
				559096C916FFE28A004149A0 /* MusicDownload.m */,
				55FCC5B116ED3E0C0000BCBD /* MatchmakingServer.h */,
				55FCC5B216ED3E0D0000BCBD /* MatchmakingServer.m */,
				55FCC5B416ED3E360000BCBD /* MatchmakingClient.h */,
				55FCC5B516ED3E360000BCBD /* MatchmakingClient.m */,
			);
			name = Networking;
			sourceTree = "<group>";
		};
		55FCC5BF16ED62680000BCBD /* DataModel */ = {
			isa = PBXGroup;
			children = (
				559096CE1700038F004149A0 /* PlaylistItem.h */,
				559096CF1700038F004149A0 /* PlaylistItem.m */,
				559096D1170006AB004149A0 /* MediaItem.h */,
				559096D2170006AB004149A0 /* MediaItem.m */,
				55FCC5C016ED78E80000BCBD /* Player.h */,
				55FCC5C116ED78E80000BCBD /* Player.m */,
				55FCC5BC16ED62640000BCBD /* Game.h */,
				55FCC5BD16ED62640000BCBD /* Game.m */,
			);
			name = DataModel;
			sourceTree = "<group>";
		};
		55FCC5C916ED7A620000BCBD /* AirShareAdditions */ = {
			isa = PBXGroup;
			children = (
				559E887617283CD400CAE248 /* UIButton+Extensions.h */,
				559E887717283CD500CAE248 /* UIButton+Extensions.m */,
				55FCC5C616ED7A5E0000BCBD /* NSData+AirShareAdditions.h */,
				55FCC5C716ED7A5E0000BCBD /* NSData+AirShareAdditions.m */,
				559D6B9A17120A2900C591D8 /* UIImage+animatedGIF.h */,
				559D6B9B17120A2900C591D8 /* UIImage+animatedGIF.m */,
			);
			name = AirShareAdditions;
			sourceTree = "<group>";
		};
		EA18C2001707E1A4008F5DAF /* Graphics */ = {
			isa = PBXGroup;
			children = (
				892C64CC1738C8400038A0E2 /* upvoteSelected-01.png */,
				89FA021C175ACBE700F7B070 /* metalHolesIP5.png */,
				89FA0222175AD8C000F7B070 /* swipeforusers-01-01.png */,
				892C64CA1738C8100038A0E2 /* upvote-01.png */,
				892C64C81738C52E0038A0E2 /* musicIcon-01.png */,
				892C64C61738C5260038A0E2 /* movieIcon-01.png */,
				559AEADA1730B9BB00EF903B /* purple_gradient.png */,
				559AEADE1730BBF500EF903B /* purple_gradient2.png */,
				892464E1172D9D1400C4ABB6 /* airshare.png */,
				89FA0220175AD86400F7B070 /* tapformedia-01-01.png */,
				559A50F3173034F900F356A9 /* icon_highres.png */,
				559A50F1173034F400F356A9 /* icon_lowres.png */,
				89A3E9F7172B2BCE00CD6203 /* fullVolume-01.png */,
				89A3E9F8172B2BCE00CD6203 /* lowVolume-01.png */,
				89A3E9F9172B2BCE00CD6203 /* muteVolume-01.png */,
				89A3E9F3172B245700CD6203 /* extrafullVolume-01.png */,
				89FA0224175AD8FD00F7B070 /* sync-01.png */,
				89FA021E175AD05E00F7B070 /* frostedBGip4.png */,
				5593E3C11727BDD700CF9149 /* downvote_selected.png */,
				5593E3C21727BDD700CF9149 /* downvote.png */,
				5593E3C31727BDD800CF9149 /* upvote.png */,
				89FA022E175AE0FE00F7B070 /* synced-01.png */,
				5593E3C41727BDD800CF9149 /* upvote_selected.png */,
				5593E3BF1727AA4700CF9149 /* gradient_transparent.png */,
				559673C41724CD9F000E0D52 /* youtubeLogo.png */,
				559673C21724CD96000E0D52 /* loading.gif */,
				89FA0228175AD93700F7B070 /* eye-01.png */,
				89FA021A175A9F7500F7B070 /* frostedBG.png */,
				558F735F1720CFC00048F78F /* skip-01-rotated.png */,
				89E4772D17128F9700DE9ECE /* movies-01.png */,
				89E477271712837C00DE9ECE /* game.png */,
				559D6B851711EC2000C591D8 /* bgGreyImg.png */,
				89FA0230175AE6DA00F7B070 /* exit-01.png */,
				89FA0226175AD91800F7B070 /* skip-01.png */,
				559D6B861711EC2000C591D8 /* cancel.png */,
				559D6B8A1711EC2000C591D8 /* music symbol-01.png */,
			);
			name = Graphics;
			sourceTree = "<group>";
		};
/* End PBXGroup section */

/* Begin PBXNativeTarget section */
		55FCC54816ED3D4C0000BCBD /* AirShare2 */ = {
			isa = PBXNativeTarget;
			buildConfigurationList = 55FCC56F16ED3D4C0000BCBD /* Build configuration list for PBXNativeTarget "AirShare2" */;
			buildPhases = (
				55FCC54516ED3D4C0000BCBD /* Sources */,
				55FCC54616ED3D4C0000BCBD /* Frameworks */,
				55FCC54716ED3D4C0000BCBD /* Resources */,
			);
			buildRules = (
			);
			dependencies = (
			);
			name = AirShare2;
			productName = AirShare2;
			productReference = 55FCC54916ED3D4C0000BCBD /* airShare.app */;
			productType = "com.apple.product-type.application";
		};
/* End PBXNativeTarget section */

/* Begin PBXProject section */
		55FCC54116ED3D4C0000BCBD /* Project object */ = {
			isa = PBXProject;
			attributes = {
				LastUpgradeCheck = 0460;
				ORGANIZATIONNAME = "Matthew Arbesfeld";
			};
			buildConfigurationList = 55FCC54416ED3D4C0000BCBD /* Build configuration list for PBXProject "AirShare2" */;
			compatibilityVersion = "Xcode 3.2";
			developmentRegion = English;
			hasScannedForEncodings = 0;
			knownRegions = (
				en,
			);
			mainGroup = 55FCC54016ED3D4C0000BCBD;
			productRefGroup = 55FCC54A16ED3D4C0000BCBD /* Products */;
			projectDirPath = "";
			projectRoot = "";
			targets = (
				55FCC54816ED3D4C0000BCBD /* AirShare2 */,
			);
		};
/* End PBXProject section */

/* Begin PBXResourcesBuildPhase section */
		55FCC54716ED3D4C0000BCBD /* Resources */ = {
			isa = PBXResourcesBuildPhase;
			buildActionMask = 2147483647;
			files = (
				55FCC55716ED3D4C0000BCBD /* InfoPlist.strings in Resources */,
				55FCC55F16ED3D4C0000BCBD /* Default.png in Resources */,
				55FCC56116ED3D4C0000BCBD /* Default@2x.png in Resources */,
				55FCC56316ED3D4C0000BCBD /* Default-568h@2x.png in Resources */,
				55FCC56616ED3D4C0000BCBD /* MainStoryboard_iPhone.storyboard in Resources */,
				558E14B616F185600076F6FC /* CenturyGothicStd-Bold.otf in Resources */,
				558E14B716F185600076F6FC /* CenturyGothicStd.otf in Resources */,
				559D6B8F1711EC2000C591D8 /* bgGreyImg.png in Resources */,
				559D6B901711EC2000C591D8 /* cancel.png in Resources */,
				559D6B941711EC2000C591D8 /* music symbol-01.png in Resources */,
				89E477281712837C00DE9ECE /* game.png in Resources */,
				89E4772E17128F9700DE9ECE /* movies-01.png in Resources */,
				5596EDE91717355D00F069FE /* gothic.ttf in Resources */,
				558F73601720CFC00048F78F /* skip-01-rotated.png in Resources */,
				559673C31724CD96000E0D52 /* loading.gif in Resources */,
				559673C51724CD9F000E0D52 /* youtubeLogo.png in Resources */,
				5593E3BC1727170600CF9149 /* empty.mp3 in Resources */,
				5593E3C01727AA4700CF9149 /* gradient_transparent.png in Resources */,
				5593E3C51727BDD800CF9149 /* downvote_selected.png in Resources */,
				5593E3C61727BDD800CF9149 /* downvote.png in Resources */,
				5593E3C71727BDD800CF9149 /* upvote.png in Resources */,
				5593E3C81727BDD800CF9149 /* upvote_selected.png in Resources */,
				89A3E9F5172B245700CD6203 /* extrafullVolume-01.png in Resources */,
				89A3E9FA172B2BCE00CD6203 /* fullVolume-01.png in Resources */,
				89A3E9FB172B2BCE00CD6203 /* lowVolume-01.png in Resources */,
				89A3E9FC172B2BCE00CD6203 /* muteVolume-01.png in Resources */,
				892464DC172CCA7D00C4ABB6 /* Default.png in Resources */,
				892464DE172CCAA000C4ABB6 /* Default-568h@2x.png in Resources */,
				892464E0172CCAB300C4ABB6 /* Default@2x.png in Resources */,
				892464E2172D9D1400C4ABB6 /* airshare.png in Resources */,
				559A50F2173034F500F356A9 /* icon_lowres.png in Resources */,
				559A50F4173034FA00F356A9 /* icon_highres.png in Resources */,
				559AEADB1730B9BB00EF903B /* purple_gradient.png in Resources */,
				559AEADF1730BBF500EF903B /* purple_gradient2.png in Resources */,
				892C64C71738C5260038A0E2 /* movieIcon-01.png in Resources */,
				892C64C91738C52E0038A0E2 /* musicIcon-01.png in Resources */,
				892C64CB1738C8100038A0E2 /* upvote-01.png in Resources */,
				892C64CD1738C8400038A0E2 /* upvoteSelected-01.png in Resources */,
				89FA021B175A9F7500F7B070 /* frostedBG.png in Resources */,
				89FA021D175ACBE700F7B070 /* metalHolesIP5.png in Resources */,
				89FA021F175AD05E00F7B070 /* frostedBGip4.png in Resources */,
				89FA0221175AD86400F7B070 /* tapformedia-01-01.png in Resources */,
				89FA0223175AD8C000F7B070 /* swipeforusers-01-01.png in Resources */,
				89FA0225175AD8FD00F7B070 /* sync-01.png in Resources */,
				89FA0227175AD91800F7B070 /* skip-01.png in Resources */,
				89FA0229175AD93700F7B070 /* eye-01.png in Resources */,
				89FA022F175AE0FE00F7B070 /* synced-01.png in Resources */,
				89FA0231175AE6DB00F7B070 /* exit-01.png in Resources */,
			);
			runOnlyForDeploymentPostprocessing = 0;
		};
/* End PBXResourcesBuildPhase section */

/* Begin PBXSourcesBuildPhase section */
		55FCC54516ED3D4C0000BCBD /* Sources */ = {
			isa = PBXSourcesBuildPhase;
			buildActionMask = 2147483647;
			files = (
				89C016B01714B5B9003F0B26 /* MarqueeLabel.m in Sources */,
				55FCC55916ED3D4C0000BCBD /* main.m in Sources */,
				55FCC55D16ED3D4C0000BCBD /* AppDelegate.m in Sources */,
				55FCC57816ED3DA20000BCBD /* MainViewController.m in Sources */,
				55FCC5B316ED3E0D0000BCBD /* MatchmakingServer.m in Sources */,
				55FCC5B616ED3E360000BCBD /* MatchmakingClient.m in Sources */,
				55FCC5BB16ED60460000BCBD /* GameViewController.m in Sources */,
				55FCC5BE16ED62640000BCBD /* Game.m in Sources */,
				55FCC5C216ED78E80000BCBD /* Player.m in Sources */,
				55FCC5C516ED79C70000BCBD /* Packet.m in Sources */,
				55FCC5C816ED7A5E0000BCBD /* NSData+AirShareAdditions.m in Sources */,
				558E14AB16F182480076F6FC /* PacketSignIn.m in Sources */,
				5596E08C16F62FB600511D3E /* PacketOtherClientQuit.m in Sources */,
				5590968B16FF5ED4004149A0 /* MusicUpload.m in Sources */,
				559096BF16FFB3DE004149A0 /* AFHTTPClient.m in Sources */,
				559096C016FFB3DE004149A0 /* AFHTTPRequestOperation.m in Sources */,
				559096C116FFB3DE004149A0 /* AFImageRequestOperation.m in Sources */,
				559096C216FFB3DE004149A0 /* AFJSONRequestOperation.m in Sources */,
				559096C316FFB3DE004149A0 /* AFNetworkActivityIndicatorManager.m in Sources */,
				559096C416FFB3DE004149A0 /* AFPropertyListRequestOperation.m in Sources */,
				559096C516FFB3DE004149A0 /* AFURLConnectionOperation.m in Sources */,
				559096C616FFB3DE004149A0 /* AFXMLRequestOperation.m in Sources */,
				559096C716FFB3DE004149A0 /* UIImageView+AFNetworking.m in Sources */,
				559096CA16FFE28A004149A0 /* MusicDownload.m in Sources */,
				559096D01700038F004149A0 /* PlaylistItem.m in Sources */,
				559096D3170006AB004149A0 /* MediaItem.m in Sources */,
				552CDD1F17026493003CA4EB /* PacketMusicResponse.m in Sources */,
				552CDD22170279BF003CA4EB /* PacketGameState.m in Sources */,
				5591DC7D1703669A0086BC99 /* PacketVote.m in Sources */,
				558E0D641704DE3100BF230D /* PlaylistItemCell.m in Sources */,
				558B71D91708EF29004E05D5 /* PacketMusicDownload.m in Sources */,
				558B71DC1708EF34004E05D5 /* PacketPlaylistItem.m in Sources */,
				5592DE82170BAA9F00C766B0 /* ECSlidingViewController.m in Sources */,
				5592DE83170BAA9F00C766B0 /* UIImage+ImageWithUIView.m in Sources */,
				55453437171124EB00B4704F /* PacketSyncResponse.m in Sources */,
				EAB726371711EFDC0084D2CC /* PacketCancelMusic.m in Sources */,
				559D6B9C17120A2900C591D8 /* UIImage+animatedGIF.m in Sources */,
				5595E4EB171D2C46006782DE /* MoviePickerViewController.m in Sources */,
				5595E4EE171D3995006782DE /* MovieItemCell.m in Sources */,
				55A28DB6171E5C60001E757E /* CustomMovieController.m in Sources */,
				558F735E1720C6B50048F78F /* PlayerView.m in Sources */,
				559ADC79172369B200F5EBE5 /* PacketPlayMusic.m in Sources */,
				5597F0651723CDFF00C91952 /* YouTubeTableViewController.m in Sources */,
				5597F07B1723D12400C91952 /* SBJsonParser.m in Sources */,
				5597F07C1723D12400C91952 /* SBJsonStreamParser.m in Sources */,
				5597F07D1723D12400C91952 /* SBJsonStreamParserAccumulator.m in Sources */,
				5597F07E1723D12400C91952 /* SBJsonStreamParserAdapter.m in Sources */,
				5597F07F1723D12400C91952 /* SBJsonStreamParserState.m in Sources */,
				5597F0801723D12400C91952 /* SBJsonStreamTokeniser.m in Sources */,
				5597F0811723D12400C91952 /* SBJsonStreamWriter.m in Sources */,
				5597F0821723D12400C91952 /* SBJsonStreamWriterAccumulator.m in Sources */,
				5597F0831723D12400C91952 /* SBJsonStreamWriterState.m in Sources */,
				5597F0841723D12400C91952 /* SBJsonWriter.m in Sources */,
				5597F0881723DAA600C91952 /* UIImageView+WebCache.m in Sources */,
				5597F09E1723DAC400C91952 /* SDImageCache.m in Sources */,
				5597F09F1723DAC400C91952 /* SDWebImageCompat.m in Sources */,
				5597F0A01723DAC400C91952 /* SDWebImageDecoder.m in Sources */,
				5597F0A11723DAC400C91952 /* SDWebImageDownloader.m in Sources */,
				5597F0A21723DAC400C91952 /* SDWebImageDownloaderOperation.m in Sources */,
				5597F0A31723DAC400C91952 /* SDWebImageManager.m in Sources */,
				5597F0A41723DAC400C91952 /* SDWebImagePrefetcher.m in Sources */,
				5597F0A51723DAC400C91952 /* UIButton+WebCache.m in Sources */,
				559673C017246A3D000E0D52 /* LBYouTubeExtractor.m in Sources */,
				559E887817283CD500CAE248 /* UIButton+Extensions.m in Sources */,
				559AAB35172ED81A006757C5 /* MenuViewController.m in Sources */,
			);
			runOnlyForDeploymentPostprocessing = 0;
		};
/* End PBXSourcesBuildPhase section */

/* Begin PBXVariantGroup section */
		55FCC55516ED3D4C0000BCBD /* InfoPlist.strings */ = {
			isa = PBXVariantGroup;
			children = (
				55FCC55616ED3D4C0000BCBD /* en */,
			);
			name = InfoPlist.strings;
			sourceTree = "<group>";
		};
		55FCC56416ED3D4C0000BCBD /* MainStoryboard_iPhone.storyboard */ = {
			isa = PBXVariantGroup;
			children = (
				55FCC56516ED3D4C0000BCBD /* en */,
			);
			name = MainStoryboard_iPhone.storyboard;
			sourceTree = "<group>";
		};
/* End PBXVariantGroup section */

/* Begin XCBuildConfiguration section */
		55FCC56D16ED3D4C0000BCBD /* Debug */ = {
			isa = XCBuildConfiguration;
			buildSettings = {
				ALWAYS_SEARCH_USER_PATHS = NO;
				CLANG_CXX_LANGUAGE_STANDARD = "gnu++0x";
				CLANG_CXX_LIBRARY = "libc++";
				CLANG_ENABLE_OBJC_ARC = YES;
				CLANG_WARN_CONSTANT_CONVERSION = YES;
				CLANG_WARN_EMPTY_BODY = YES;
				CLANG_WARN_ENUM_CONVERSION = YES;
				CLANG_WARN_INT_CONVERSION = YES;
				CLANG_WARN__DUPLICATE_METHOD_MATCH = YES;
				"CODE_SIGN_IDENTITY[sdk=iphoneos*]" = "iPhone Developer";
				COPY_PHASE_STRIP = NO;
				GCC_C_LANGUAGE_STANDARD = gnu99;
				GCC_DYNAMIC_NO_PIC = NO;
				GCC_OPTIMIZATION_LEVEL = 0;
				GCC_PREPROCESSOR_DEFINITIONS = (
					"DEBUG=1",
					"$(inherited)",
				);
				GCC_SYMBOLS_PRIVATE_EXTERN = NO;
				GCC_WARN_ABOUT_RETURN_TYPE = YES;
				GCC_WARN_UNINITIALIZED_AUTOS = YES;
				GCC_WARN_UNUSED_VARIABLE = YES;
				IPHONEOS_DEPLOYMENT_TARGET = 6.1;
				ONLY_ACTIVE_ARCH = YES;
				SDKROOT = iphoneos;
				TARGETED_DEVICE_FAMILY = "1,2";
			};
			name = Debug;
		};
		55FCC56E16ED3D4C0000BCBD /* Release */ = {
			isa = XCBuildConfiguration;
			buildSettings = {
				ALWAYS_SEARCH_USER_PATHS = NO;
				CLANG_CXX_LANGUAGE_STANDARD = "gnu++0x";
				CLANG_CXX_LIBRARY = "libc++";
				CLANG_ENABLE_OBJC_ARC = YES;
				CLANG_WARN_CONSTANT_CONVERSION = YES;
				CLANG_WARN_EMPTY_BODY = YES;
				CLANG_WARN_ENUM_CONVERSION = YES;
				CLANG_WARN_INT_CONVERSION = YES;
				CLANG_WARN__DUPLICATE_METHOD_MATCH = YES;
				"CODE_SIGN_IDENTITY[sdk=iphoneos*]" = "iPhone Developer";
				COPY_PHASE_STRIP = YES;
				GCC_C_LANGUAGE_STANDARD = gnu99;
				GCC_WARN_ABOUT_RETURN_TYPE = YES;
				GCC_WARN_UNINITIALIZED_AUTOS = YES;
				GCC_WARN_UNUSED_VARIABLE = YES;
				IPHONEOS_DEPLOYMENT_TARGET = 6.1;
				OTHER_CFLAGS = "-DNS_BLOCK_ASSERTIONS=1";
				SDKROOT = iphoneos;
				TARGETED_DEVICE_FAMILY = "1,2";
				VALIDATE_PRODUCT = YES;
			};
			name = Release;
		};
		55FCC57016ED3D4C0000BCBD /* Debug */ = {
			isa = XCBuildConfiguration;
			buildSettings = {
				FRAMEWORK_SEARCH_PATHS = (
					"$(inherited)",
					"\"$(SRCROOT)/../../../Desktop\"",
				);
				GCC_PRECOMPILE_PREFIX_HEADER = YES;
				GCC_PREFIX_HEADER = "AirShare2/AirShare2-Prefix.pch";
				INFOPLIST_FILE = "AirShare2/AirShare2-Info.plist";
				LIBRARY_SEARCH_PATHS = "$(inherited)";
				PRODUCT_NAME = airShare;
				USER_HEADER_SEARCH_PATHS = "";
				WRAPPER_EXTENSION = app;
			};
			name = Debug;
		};
		55FCC57116ED3D4C0000BCBD /* Release */ = {
			isa = XCBuildConfiguration;
			buildSettings = {
				FRAMEWORK_SEARCH_PATHS = (
					"$(inherited)",
					"\"$(SRCROOT)/../../../Desktop\"",
				);
				GCC_PRECOMPILE_PREFIX_HEADER = YES;
				GCC_PREFIX_HEADER = "AirShare2/AirShare2-Prefix.pch";
				INFOPLIST_FILE = "AirShare2/AirShare2-Info.plist";
				LIBRARY_SEARCH_PATHS = "$(inherited)";
				PRODUCT_NAME = airShare;
				USER_HEADER_SEARCH_PATHS = "";
				WRAPPER_EXTENSION = app;
			};
			name = Release;
		};
/* End XCBuildConfiguration section */

/* Begin XCConfigurationList section */
		55FCC54416ED3D4C0000BCBD /* Build configuration list for PBXProject "AirShare2" */ = {
			isa = XCConfigurationList;
			buildConfigurations = (
				55FCC56D16ED3D4C0000BCBD /* Debug */,
				55FCC56E16ED3D4C0000BCBD /* Release */,
			);
			defaultConfigurationIsVisible = 0;
			defaultConfigurationName = Release;
		};
		55FCC56F16ED3D4C0000BCBD /* Build configuration list for PBXNativeTarget "AirShare2" */ = {
			isa = XCConfigurationList;
			buildConfigurations = (
				55FCC57016ED3D4C0000BCBD /* Debug */,
				55FCC57116ED3D4C0000BCBD /* Release */,
			);
			defaultConfigurationIsVisible = 0;
			defaultConfigurationName = Release;
		};
/* End XCConfigurationList section */
	};
	rootObject = 55FCC54116ED3D4C0000BCBD /* Project object */;
}
